{
  "name": "phonegap",
  "version": "1.0.0",
  "lockfileVersion": 1,
  "requires": true,
  "dependencies": {
    "abbrev": {
      "version": "1.1.1",
      "resolved": "https://registry.npmjs.org/abbrev/-/abbrev-1.1.1.tgz",
      "integrity": "sha512-nne9/IiQ/hzIhY6pdDnbBtz7DjPTKrY00P/zvPSm5pOFkl6xuGrGnXn/VtTNNfNtAfZ9/1RtehkszU9qcTii0Q=="
    },
    "android-versions": {
      "version": "1.5.0",
      "resolved": "https://registry.npmjs.org/android-versions/-/android-versions-1.5.0.tgz",
      "integrity": "sha512-/GWUAqa2OJNlDF5VGSe3SR1QMHEPXxx54Ur56r0qQC0H9FlBr7kyBF2SgVEhzFCPbrW4UcYgVuWrq/2Ty3QvXg==",
      "requires": {
        "semver": "^5.4.1"
      }
    },
    "ansi": {
      "version": "0.3.1",
      "resolved": "https://registry.npmjs.org/ansi/-/ansi-0.3.1.tgz",
      "integrity": "sha1-DELU+xcWDVqa8eSEus4cZpIsGyE="
    },
    "array-ify": {
      "version": "1.0.0",
      "resolved": "https://registry.npmjs.org/array-ify/-/array-ify-1.0.0.tgz",
      "integrity": "sha1-nlKHYrSpBmrRY6aWKjZEGOlibs4="
    },
    "balanced-match": {
      "version": "1.0.0",
      "resolved": "https://registry.npmjs.org/balanced-match/-/balanced-match-1.0.0.tgz",
      "integrity": "sha1-ibTRmasr7kneFk6gK4nORi1xt2c="
    },
    "base64-js": {
      "version": "1.3.1",
      "resolved": "https://registry.npmjs.org/base64-js/-/base64-js-1.3.1.tgz",
      "integrity": "sha512-mLQ4i2QO1ytvGWFWmcngKO//JXAQueZvwEKtjgQFM4jIK0kU+ytMfplL8j+n5mspOfjHwoAg+9yhb7BwAHm36g=="
    },
    "big-integer": {
      "version": "1.6.48",
      "resolved": "https://registry.npmjs.org/big-integer/-/big-integer-1.6.48.tgz",
      "integrity": "sha512-j51egjPa7/i+RdiRuJbPdJ2FIUYYPhvYLjzoYbcMMm62ooO6F94fETG4MTs46zPAF9Brs04OajboA/qTGuz78w=="
    },
    "bplist-parser": {
      "version": "0.1.1",
      "resolved": "https://registry.npmjs.org/bplist-parser/-/bplist-parser-0.1.1.tgz",
      "integrity": "sha1-1g1dzCDLptx+HymbNdPh+V2vuuY=",
      "requires": {
        "big-integer": "^1.6.7"
      }
    },
    "brace-expansion": {
      "version": "1.1.8",
      "resolved": "https://registry.npmjs.org/brace-expansion/-/brace-expansion-1.1.8.tgz",
      "integrity": "sha1-wHshHHyVLsH479Uad+8NHTmQopI=",
      "requires": {
        "balanced-match": "^1.0.0",
        "concat-map": "0.0.1"
      }
    },
    "compare-func": {
      "version": "1.3.4",
      "resolved": "https://registry.npmjs.org/compare-func/-/compare-func-1.3.4.tgz",
      "integrity": "sha512-sq2sWtrqKPkEXAC8tEJA1+BqAH9GbFkGBtUOqrUX57VSfwp8xyktctk+uLoRy5eccTdxzDcVIztlYDpKs3Jv1Q==",
      "requires": {
        "array-ify": "^1.0.0",
        "dot-prop": "^3.0.0"
      }
    },
    "concat-map": {
      "version": "0.0.1",
      "resolved": "https://registry.npmjs.org/concat-map/-/concat-map-0.0.1.tgz",
      "integrity": "sha1-2Klr13/Wjfd5OnMDajug1UBdR3s="
    },
    "cordova-android": {
      "version": "8.1.0",
      "resolved": "https://registry.npmjs.org/cordova-android/-/cordova-android-8.1.0.tgz",
      "integrity": "sha512-eAY6g9q3raJ4P03wNdSWC5MOW1EfxoomWNXsPhi7T6Q9yAqmxqn0sLEUjLL1Ib0LCH3nKQWBXdxapQ5LgbHu+g==",
      "requires": {
        "android-versions": "^1.4.0",
        "compare-func": "^1.3.2",
        "cordova-common": "^3.2.0",
        "nopt": "^4.0.1",
        "properties-parser": "^0.3.1",
        "q": "^1.5.1",
        "shelljs": "^0.5.3"
      }
    },
    "cordova-android-support-gradle-release": {
      "version": "3.0.1",
      "resolved": "https://registry.npmjs.org/cordova-android-support-gradle-release/-/cordova-android-support-gradle-release-3.0.1.tgz",
      "integrity": "sha512-RSW55DkSckmqhX/kjj+a1YeVdy7s/AtlZn6Qa5XMQmmA4Iogq+IF2jvInZqzCF19DbI5YE95AP7VDbRk+DdDRw==",
      "dev": true,
      "requires": {
        "q": "^1.4.1",
        "semver": "5.6.0"
      },
      "dependencies": {
        "semver": {
          "version": "5.6.0",
          "resolved": "https://registry.npmjs.org/semver/-/semver-5.6.0.tgz",
          "integrity": "sha512-RS9R6R35NYgQn++fkDWaOmqGoj4Ek9gGs+DPxNUZKuwE183xjJroKvyo1IzVFeXvUrvmALy6FWD5xrdJT25gMg==",
          "dev": true
        }
      }
    },
    "cordova-common": {
      "version": "3.2.1",
      "resolved": "https://registry.npmjs.org/cordova-common/-/cordova-common-3.2.1.tgz",
      "integrity": "sha512-xg0EnjnA6EipxXG8cupdlYQYeDA6+ghbN+Pjq88xN1LInwP6Bo7IyGBdSV5QnfjOvzShF9BBwSxBAv0FOO0C2Q==",
      "requires": {
        "ansi": "^0.3.1",
        "bplist-parser": "^0.1.0",
        "cross-spawn": "^6.0.5",
        "elementtree": "0.1.7",
        "endent": "^1.1.1",
        "fs-extra": "^8.0.0",
        "glob": "^7.1.2",
        "minimatch": "^3.0.0",
        "plist": "^3.0.1",
        "q": "^1.4.1",
        "strip-bom": "^3.0.0",
        "underscore": "^1.8.3",
        "which": "^1.3.0"
      }
    },
    "cordova-plugin-androidx": {
      "version": "2.0.0",
      "resolved": "https://registry.npmjs.org/cordova-plugin-androidx/-/cordova-plugin-androidx-2.0.0.tgz",
      "integrity": "sha512-n5QA1LJ/wT9qpDCHAw2GwqVXVlEajRPnDH5CKZGpv90M1FYVMydYlFwCEbpp263e5I5QloPjyoyWagiKLB+JMg=="
    },
    "cordova-plugin-androidx-adapter": {
      "version": "1.1.1",
      "resolved": "https://registry.npmjs.org/cordova-plugin-androidx-adapter/-/cordova-plugin-androidx-adapter-1.1.1.tgz",
      "integrity": "sha512-ePt0WG7Y8jOFx2x3A6oXQyxzavis2ANw2hFlm7MU/H7ez1QKPXmWjA1zIIx4T/QdKWM5D8fLH60t2PyJmKSsOg==",
      "requires": {
        "performance-now": "^2.1.0",
        "q": "^1.4.1",
        "recursive-readdir": "^2.2.2"
      }
    },
    "cordova-plugin-app-version": {
      "version": "0.1.9",
      "resolved": "https://registry.npmjs.org/cordova-plugin-app-version/-/cordova-plugin-app-version-0.1.9.tgz",
      "integrity": "sha1-nbBgeGMzenEEiTAuX1CpBPFEm9s="
    },
    "cordova-plugin-badge": {
      "version": "0.8.8",
      "resolved": "https://registry.npmjs.org/cordova-plugin-badge/-/cordova-plugin-badge-0.8.8.tgz",
      "integrity": "sha512-RhIBtd5xhD/iLnxjt35jvOae28oNW/wtMZBOmQR3Rf0y4wirvA1bpAZEhBoFqL+rZGhsd6ddOdQXdex1T0DRyQ=="
    },
    "cordova-plugin-battery-status": {
      "version": "1.2.5",
      "resolved": "https://registry.npmjs.org/cordova-plugin-battery-status/-/cordova-plugin-battery-status-1.2.5.tgz",
      "integrity": "sha1-bGSPmzz1qwNLlcXP/lhPVXbULKk="
    },
    "cordova-plugin-ble-central": {
      "version": "1.2.5",
      "resolved": "https://registry.npmjs.org/cordova-plugin-ble-central/-/cordova-plugin-ble-central-1.2.5.tgz",
      "integrity": "sha512-/UwNs/g56mhTZ5+dPGZ1iXmD32vR4rr/wE3djrSDPs+GpBqviNk+QjQVu/BDllMx2BmJi+a2Zk5EjPZdzoIdDg==",
      "dev": true
    },
    "cordova-plugin-ble-peripheral": {
      "version": "1.0.0",
      "resolved": "https://registry.npmjs.org/cordova-plugin-ble-peripheral/-/cordova-plugin-ble-peripheral-1.0.0.tgz",
      "integrity": "sha512-4IGkFTsDmB7U2WejyCRt9J6BuB1R3KtTzAlLJzHOXR+kUmuZ+OytspRrxIZGlGCFSgw05xVjYMG5FOeIDeiUrA=="
    },
    "cordova-plugin-bluetooth-peripheral-usage-description": {
      "version": "1.0.1",
      "resolved": "https://registry.npmjs.org/cordova-plugin-bluetooth-peripheral-usage-description/-/cordova-plugin-bluetooth-peripheral-usage-description-1.0.1.tgz",
      "integrity": "sha512-s6U0tT1erZMV0ZJt6mf7OFbx9dVsNUnGlji3aqRGUAYZOWTUl81EpwWvSQpa13wTKaUCb9iQqZsXY1kLxSbyMQ=="
    },
    "cordova-plugin-cache-clear": {
      "version": "1.3.8",
      "resolved": "https://registry.npmjs.org/cordova-plugin-cache-clear/-/cordova-plugin-cache-clear-1.3.8.tgz",
      "integrity": "sha512-RaRhHywrlgHMJENDUJC273tJ7GAEwAiLsJCyJSlyXTz+kHpg3T+dYM/NIvoNk2lBK2EwtRzdJTkcHxlElYTIyQ=="
    },
    "cordova-plugin-camera": {
      "version": "3.0.0",
      "resolved": "https://registry.npmjs.org/cordova-plugin-camera/-/cordova-plugin-camera-3.0.0.tgz",
      "integrity": "sha1-khL/DiohHuhA2Kg/BR030N7AvR8=",
      "dev": true
    },
    "cordova-plugin-camera-preview": {
      "version": "0.11.2",
      "resolved": "https://registry.npmjs.org/cordova-plugin-camera-preview/-/cordova-plugin-camera-preview-0.11.2.tgz",
      "integrity": "sha512-6PvYzWZntXHKuvHXnKGaY9s2pqPvvtkNs8mPoNCQXUKiaiyaYC/6bl4OOcUx4Nk5WXwTG0cF2SZI04L02OAqoQ==",
      "dev": true
    },
    "cordova-plugin-cocoapods-cdn": {
      "version": "1.0.0",
      "resolved": "https://registry.npmjs.org/cordova-plugin-cocoapods-cdn/-/cordova-plugin-cocoapods-cdn-1.0.0.tgz",
      "integrity": "sha512-TKl+EdOtDfv/8qBkhvKQZr7H1w0pb7ggY06oAUfV/k/jkflOhaXYcnrgF4OvNm9dhvZUHmTw+iKN4L6RD+x7lw=="
    },
    "cordova-plugin-device": {
      "version": "1.1.7",
      "resolved": "https://registry.npmjs.org/cordova-plugin-device/-/cordova-plugin-device-1.1.7.tgz",
      "integrity": "sha1-/JQRG+aTJijGaGiTjd89yCyfv+Y=",
      "dev": true
    },
    "cordova-plugin-device-motion": {
      "version": "1.2.5",
      "resolved": "https://registry.npmjs.org/cordova-plugin-device-motion/-/cordova-plugin-device-motion-1.2.5.tgz",
      "integrity": "sha1-e1jt2dVQ3wpvua76tVuW1UkLGlY=",
      "dev": true
    },
    "cordova-plugin-dialogs": {
      "version": "1.3.4",
      "resolved": "https://registry.npmjs.org/cordova-plugin-dialogs/-/cordova-plugin-dialogs-1.3.4.tgz",
      "integrity": "sha1-XMlm7nyZsvW1s934SQAmKLDacVc=",
      "dev": true
    },
    "cordova-plugin-document-scanner": {
      "version": "4.2.5",
      "resolved": "https://registry.npmjs.org/cordova-plugin-document-scanner/-/cordova-plugin-document-scanner-4.2.5.tgz",
      "integrity": "sha512-kd9IftcC5Ma5Ovrlsh/ZtjexGF353tAAh1corYKrNtTIxqYClvylEdnXk6U0nm+jdvyJli/AwyScZJi1ANr9bQ=="
    },
    "cordova-plugin-fcm-with-dependecy-updated": {
      "version": "7.3.1",
      "resolved": "https://registry.npmjs.org/cordova-plugin-fcm-with-dependecy-updated/-/cordova-plugin-fcm-with-dependecy-updated-7.3.1.tgz",
      "integrity": "sha512-c2cHZmNz2WU4NXgPkILvACxgQXIIAcmXoYQN8j53LigDYNrQp3dIZ+4OH851VlqnBIfpFttQUabeWz6m0+9fKg==",
      "requires": {
        "typescript": "^4.0.2"
      }
    },
    "cordova-plugin-file": {
      "version": "5.0.0",
      "resolved": "https://registry.npmjs.org/cordova-plugin-file/-/cordova-plugin-file-5.0.0.tgz",
      "integrity": "sha1-05doIyFmnAAL6McfjvRDiq6Pkl0=",
      "dev": true
    },
    "cordova-plugin-file-opener2": {
      "version": "2.2.1",
      "resolved": "https://registry.npmjs.org/cordova-plugin-file-opener2/-/cordova-plugin-file-opener2-2.2.1.tgz",
      "integrity": "sha512-yeN242U6T+TDlrJ5m00br+lAKsf2fHXn1u1TsDxB5fFUGINZUYLKthEctCMFkQUnURWk+Nh6tc+WtdQjY581Uw==",
      "dev": true
    },
    "cordova-plugin-file-transfer": {
      "version": "1.7.1",
      "resolved": "https://registry.npmjs.org/cordova-plugin-file-transfer/-/cordova-plugin-file-transfer-1.7.1.tgz",
      "integrity": "sha1-p12L4uvDu5sjxbG70ZkhTsJnWGs=",
      "dev": true
    },
    "cordova-plugin-geolocation": {
      "version": "3.0.0",
      "resolved": "https://registry.npmjs.org/cordova-plugin-geolocation/-/cordova-plugin-geolocation-3.0.0.tgz",
      "integrity": "sha1-5j4NRXwaL7qw3AKd3qZbjwSSFBA=",
      "dev": true
    },
    "cordova-plugin-globalization": {
      "version": "1.11.0",
      "resolved": "https://registry.npmjs.org/cordova-plugin-globalization/-/cordova-plugin-globalization-1.11.0.tgz",
      "integrity": "sha1-6sMVgQAphJOvowvolA5pj2HvvP4=",
      "dev": true
    },
    "cordova-plugin-inappbrowser": {
      "version": "1.7.2",
      "resolved": "https://registry.npmjs.org/cordova-plugin-inappbrowser/-/cordova-plugin-inappbrowser-1.7.2.tgz",
      "integrity": "sha1-ZHY0lb6H6y562xoI8CCblupc7uA=",
      "dev": true
    },
    "cordova-plugin-insomnia": {
      "version": "4.3.0",
      "resolved": "https://registry.npmjs.org/cordova-plugin-insomnia/-/cordova-plugin-insomnia-4.3.0.tgz",
      "integrity": "sha1-gyoz9tdj8LgCc733YbNbZ4xDuVc=",
      "dev": true
    },
    "cordova-plugin-ionic-keyboard": {
      "version": "2.2.0",
      "resolved": "https://registry.npmjs.org/cordova-plugin-ionic-keyboard/-/cordova-plugin-ionic-keyboard-2.2.0.tgz",
      "integrity": "sha512-yDUG+9ieKVRitq5mGlNxjaZh/MgEhFFIgTIPhqSbUaQ8UuZbawy5mhJAVClqY97q8/rcQtL6dCDa7x2sEtCLcA=="
    },
    "cordova-plugin-media": {
      "version": "4.0.0",
      "resolved": "https://registry.npmjs.org/cordova-plugin-media/-/cordova-plugin-media-4.0.0.tgz",
      "integrity": "sha1-9wgIH48OyzApHWei44FJZx2U8gs=",
      "dev": true
    },
    "cordova-plugin-media-capture": {
      "version": "2.0.0",
      "resolved": "https://registry.npmjs.org/cordova-plugin-media-capture/-/cordova-plugin-media-capture-2.0.0.tgz",
      "integrity": "sha1-fQeoxIqSFdsY9JIP9uXIn5dN0wM=",
      "dev": true
    },
    "cordova-plugin-network-information": {
      "version": "1.3.4",
      "resolved": "https://registry.npmjs.org/cordova-plugin-network-information/-/cordova-plugin-network-information-1.3.4.tgz",
      "integrity": "sha1-KPQmzCZZF03GIqBxgPm6DYVfc4M=",
      "dev": true
    },
    "cordova-plugin-screen-orientation": {
      "version": "2.0.2",
      "resolved": "https://registry.npmjs.org/cordova-plugin-screen-orientation/-/cordova-plugin-screen-orientation-2.0.2.tgz",
      "integrity": "sha1-kjMzRdE+T9TovUNsqeekbAl7GzY=",
      "dev": true
    },
    "cordova-plugin-splashscreen": {
      "version": "4.1.0",
      "resolved": "https://registry.npmjs.org/cordova-plugin-splashscreen/-/cordova-plugin-splashscreen-4.1.0.tgz",
      "integrity": "sha1-gQKKt2Q+YVWT0n8q0CRFYR8ZRrY=",
      "dev": true
    },
    "cordova-plugin-statusbar": {
      "version": "2.4.3",
      "resolved": "https://registry.npmjs.org/cordova-plugin-statusbar/-/cordova-plugin-statusbar-2.4.3.tgz",
      "integrity": "sha512-ThmXzl6QIKWFXf4wWw7Q/zpB+VKkz3VM958+5A0sXD4jmR++u7KnGttLksXshVwWr6lvGwUebLYtIyXwS4Ovcg==",
      "dev": true
    },
    "cordova-plugin-ui-sounds": {
      "version": "1.2.2",
      "resolved": "https://registry.npmjs.org/cordova-plugin-ui-sounds/-/cordova-plugin-ui-sounds-1.2.2.tgz",
      "integrity": "sha512-/wiQF4kJik1Cfl+xmD/5Zx52QO5xKXSmJoHVSlte99ozqSYiA0wDVugXyo6E27abw56Aj0H2vsMP3A7/AHPRXQ=="
    },
    "cordova-plugin-vibration": {
      "version": "2.1.6",
      "resolved": "https://registry.npmjs.org/cordova-plugin-vibration/-/cordova-plugin-vibration-2.1.6.tgz",
      "integrity": "sha1-5XKViSzxXkSwyZ+P60R3Q5XLSj4=",
      "dev": true
    },
    "cordova-plugin-whitelist": {
      "version": "1.3.4",
      "resolved": "https://registry.npmjs.org/cordova-plugin-whitelist/-/cordova-plugin-whitelist-1.3.4.tgz",
      "integrity": "sha512-EYC5eQFVkoYXq39l7tYKE6lEjHJ04mvTmKXxGL7quHLdFPfJMNzru/UYpn92AOfpl3PQaZmou78C7EgmFOwFQQ==",
      "dev": true
    },
    "cordova-plugin-wkwebview-clearcache": {
      "version": "1.1.0",
      "resolved": "git+https://github.com/mgatto/cordova-plugin-wkwebview-clearcache.git#1bcffc57d10c80f69db6b5357a7cca23ca9e7032"
    },
    "cordova-plugin-wkwebview-engine": {
      "version": "1.2.1",
      "resolved": "https://registry.npmjs.org/cordova-plugin-wkwebview-engine/-/cordova-plugin-wkwebview-engine-1.2.1.tgz",
      "integrity": "sha512-usp6pu+tJ1y0btVAXOjE5+tMjbvTY6hsiLfHJPMdyzkgHvxoNSePZ/NavTGj4CBJJlUjnMsN3TUq25+SeTZCow=="
    },
    "cordova-plugin-wkwebview-inject-cookie": {
      "version": "1.0.6",
      "resolved": "https://registry.npmjs.org/cordova-plugin-wkwebview-inject-cookie/-/cordova-plugin-wkwebview-inject-cookie-1.0.6.tgz",
      "integrity": "sha512-F6VW3h/oX9ARkH4q3ARSjrA1mcAbJ/I6su4F+5snJt7b8/4CHptnciGdOF1OY36rxUSHtJiVDYdVHIs8vc2w/A=="
    },
    "cordova-plugin-wkwebviewxhrfix": {
      "version": "0.1.0",
      "resolved": "https://registry.npmjs.org/cordova-plugin-wkwebviewxhrfix/-/cordova-plugin-wkwebviewxhrfix-0.1.0.tgz",
      "integrity": "sha512-G8k6haZIrxQ01ixbpFNUYzw1sumqhlyS0FRVmbQyb33XD9uRNoDE8a8hvzDnZgYTZRVnsmjRhlxHgEYSERK27A=="
    },
    "cordova-plugin-x-socialsharing": {
      "version": "5.6.8",
      "resolved": "https://registry.npmjs.org/cordova-plugin-x-socialsharing/-/cordova-plugin-x-socialsharing-5.6.8.tgz",
      "integrity": "sha512-R31ZQq00YNzLBwUM4VTE/uKhh/T0GEMuz/MZOw/Pu5AYIAAQkd7EMqFVhMtKs7wfHl1koiRz8+6nLDb19r2tBQ==",
      "dev": true
    },
    "cross-spawn": {
      "version": "6.0.5",
      "resolved": "https://registry.npmjs.org/cross-spawn/-/cross-spawn-6.0.5.tgz",
      "integrity": "sha512-eTVLrBSt7fjbDygz805pMnstIs2VTBNkRm0qxZd+M7A5XDdxVRWO5MxGBXZhjY4cqLYLdtrGqRf8mBPmzwSpWQ==",
      "requires": {
        "nice-try": "^1.0.4",
        "path-key": "^2.0.1",
        "semver": "^5.5.0",
        "shebang-command": "^1.2.0",
        "which": "^1.2.9"
      }
    },
    "dedent": {
      "version": "0.7.0",
      "resolved": "https://registry.npmjs.org/dedent/-/dedent-0.7.0.tgz",
      "integrity": "sha1-JJXduvbrh0q7Dhvp3yLS5aVEMmw="
    },
    "dot-prop": {
      "version": "3.0.0",
      "resolved": "https://registry.npmjs.org/dot-prop/-/dot-prop-3.0.0.tgz",
      "integrity": "sha1-G3CK8JSknJoOfbyteQq6U52sEXc=",
      "requires": {
        "is-obj": "^1.0.0"
      }
    },
    "elementtree": {
      "version": "0.1.7",
      "resolved": "https://registry.npmjs.org/elementtree/-/elementtree-0.1.7.tgz",
      "integrity": "sha1-mskb5uUvtuYkTE5UpKw+2K6OKcA=",
      "requires": {
        "sax": "1.1.4"
      }
    },
    "endent": {
      "version": "1.4.1",
      "resolved": "https://registry.npmjs.org/endent/-/endent-1.4.1.tgz",
      "integrity": "sha512-buHTb5c8AC9NshtP6dgmNLYkiT+olskbq1z6cEGvfGCF3Qphbu/1zz5Xu+yjTDln8RbxNhPoUyJ5H8MSrp1olQ==",
      "requires": {
        "dedent": "^0.7.0",
        "fast-json-parse": "^1.0.3",
        "objectorarray": "^1.0.4"
      }
    },
    "fast-json-parse": {
      "version": "1.0.3",
      "resolved": "https://registry.npmjs.org/fast-json-parse/-/fast-json-parse-1.0.3.tgz",
      "integrity": "sha512-FRWsaZRWEJ1ESVNbDWmsAlqDk96gPQezzLghafp5J4GUKjbCz3OkAHuZs5TuPEtkbVQERysLp9xv6c24fBm8Aw=="
    },
    "fs-extra": {
      "version": "8.1.0",
      "resolved": "https://registry.npmjs.org/fs-extra/-/fs-extra-8.1.0.tgz",
      "integrity": "sha512-yhlQgA6mnOJUKOsRUFsgJdQCvkKhcz8tlZG5HBQfReYZy46OwLcY+Zia0mtdHsOo9y/hP+CxMN0TU9QxoOtG4g==",
      "requires": {
        "graceful-fs": "^4.2.0",
        "jsonfile": "^4.0.0",
        "universalify": "^0.1.0"
      }
    },
    "fs.realpath": {
      "version": "1.0.0",
      "resolved": "https://registry.npmjs.org/fs.realpath/-/fs.realpath-1.0.0.tgz",
      "integrity": "sha1-FQStJSMVjKpA20onh8sBQRmU6k8="
    },
    "glob": {
      "version": "7.1.6",
      "resolved": "https://registry.npmjs.org/glob/-/glob-7.1.6.tgz",
      "integrity": "sha512-LwaxwyZ72Lk7vZINtNNrywX0ZuLyStrdDtabefZKAY5ZGJhVtgdznluResxNmPitE0SAO+O26sWTHeKSI2wMBA==",
      "requires": {
        "fs.realpath": "^1.0.0",
        "inflight": "^1.0.4",
        "inherits": "2",
        "minimatch": "^3.0.4",
        "once": "^1.3.0",
        "path-is-absolute": "^1.0.0"
      }
    },
    "graceful-fs": {
      "version": "4.2.4",
      "resolved": "https://registry.npmjs.org/graceful-fs/-/graceful-fs-4.2.4.tgz",
      "integrity": "sha512-WjKPNJF79dtJAVniUlGGWHYGz2jWxT6VhN/4m1NdkbZ2nOsEF+cI1Edgql5zCRhs/VsQYRvrXctxktVXZUkixw=="
    },
    "inflight": {
      "version": "1.0.6",
      "resolved": "https://registry.npmjs.org/inflight/-/inflight-1.0.6.tgz",
      "integrity": "sha1-Sb1jMdfQLQwJvJEKEHW6gWW1bfk=",
      "requires": {
        "once": "^1.3.0",
        "wrappy": "1"
      }
    },
    "inherits": {
      "version": "2.0.4",
      "resolved": "https://registry.npmjs.org/inherits/-/inherits-2.0.4.tgz",
      "integrity": "sha512-k/vGaX4/Yla3WzyMCvTQOXYeIHvqOKtnqBduzTHpzpQZzAskKMhZ2K+EnBiSM9zGSoIFeMpXKxa4dYeZIQqewQ=="
    },
    "interpret": {
      "version": "1.4.0",
      "resolved": "https://registry.npmjs.org/interpret/-/interpret-1.4.0.tgz",
      "integrity": "sha512-agE4QfB2Lkp9uICn7BAqoscw4SZP9kTE2hxiFI3jBPmXJfdqiahTbUuKGsMoN2GtqL9AxhYioAcVvgsb1HvRbA==",
      "dev": true
    },
    "is-obj": {
      "version": "1.0.1",
      "resolved": "https://registry.npmjs.org/is-obj/-/is-obj-1.0.1.tgz",
      "integrity": "sha1-PkcprB9f3gJc19g6iW2rn09n2w8="
    },
    "isexe": {
      "version": "2.0.0",
      "resolved": "https://registry.npmjs.org/isexe/-/isexe-2.0.0.tgz",
      "integrity": "sha1-6PvzdNxVb/iUehDcsFctYz8s+hA="
    },
    "jsonfile": {
      "version": "4.0.0",
      "resolved": "https://registry.npmjs.org/jsonfile/-/jsonfile-4.0.0.tgz",
      "integrity": "sha1-h3Gq4HmbZAdrdmQPygWPnBDjPss=",
      "requires": {
        "graceful-fs": "^4.1.6"
      }
    },
    "minimatch": {
      "version": "3.0.4",
      "resolved": "https://registry.npmjs.org/minimatch/-/minimatch-3.0.4.tgz",
      "integrity": "sha512-yJHVQEhyqPLUTgt9B83PXu6W3rx4MvvHvSUvToogpwoGDOUQ+yDrR0HRot+yOCdCO7u4hX3pWft6kWBBcqh0UA==",
      "requires": {
        "brace-expansion": "^1.1.7"
      }
    },
    "nice-try": {
      "version": "1.0.5",
      "resolved": "https://registry.npmjs.org/nice-try/-/nice-try-1.0.5.tgz",
      "integrity": "sha512-1nh45deeb5olNY7eX82BkPO7SSxR5SSYJiPTrTdFUVYwAl8CKMA5N9PjTYkHiRjisVcxcQ1HXdLhx2qxxJzLNQ=="
    },
    "nopt": {
      "version": "4.0.3",
      "resolved": "https://registry.npmjs.org/nopt/-/nopt-4.0.3.tgz",
      "integrity": "sha512-CvaGwVMztSMJLOeXPrez7fyfObdZqNUK1cPAEzLHrTybIua9pMdmmPR5YwtfNftIOMv3DPUhFaxsZMNTQO20Kg==",
      "requires": {
        "abbrev": "1",
        "osenv": "^0.1.4"
      }
    },
    "objectorarray": {
      "version": "1.0.4",
      "resolved": "https://registry.npmjs.org/objectorarray/-/objectorarray-1.0.4.tgz",
      "integrity": "sha512-91k8bjcldstRz1bG6zJo8lWD7c6QXcB4nTDUqiEvIL1xAsLoZlOOZZG+nd6YPz+V7zY1580J4Xxh1vZtyv4i/w=="
    },
    "once": {
      "version": "1.4.0",
      "resolved": "https://registry.npmjs.org/once/-/once-1.4.0.tgz",
      "integrity": "sha1-WDsap3WWHUsROsF9nFC6753Xa9E=",
      "requires": {
        "wrappy": "1"
      }
    },
    "os-homedir": {
      "version": "1.0.2",
      "resolved": "https://registry.npmjs.org/os-homedir/-/os-homedir-1.0.2.tgz",
      "integrity": "sha1-/7xJiDNuDoM94MFox+8VISGqf7M="
    },
    "os-tmpdir": {
      "version": "1.0.2",
      "resolved": "https://registry.npmjs.org/os-tmpdir/-/os-tmpdir-1.0.2.tgz",
      "integrity": "sha1-u+Z0BseaqFxc/sdm/lc0VV36EnQ="
    },
    "osenv": {
      "version": "0.1.5",
      "resolved": "https://registry.npmjs.org/osenv/-/osenv-0.1.5.tgz",
      "integrity": "sha512-0CWcCECdMVc2Rw3U5w9ZjqX6ga6ubk1xDVKxtBQPK7wis/0F2r9T6k4ydGYhecl7YUBxBVxhL5oisPsNxAPe2g==",
      "requires": {
        "os-homedir": "^1.0.0",
        "os-tmpdir": "^1.0.0"
      }
    },
    "path-is-absolute": {
      "version": "1.0.1",
      "resolved": "https://registry.npmjs.org/path-is-absolute/-/path-is-absolute-1.0.1.tgz",
      "integrity": "sha1-F0uSaHNVNP+8es5r9TpanhtcX18="
    },
    "path-key": {
      "version": "2.0.1",
      "resolved": "https://registry.npmjs.org/path-key/-/path-key-2.0.1.tgz",
      "integrity": "sha1-QRyttXTFoUDTpLGRDUDYDMn0C0A="
    },
    "path-parse": {
      "version": "1.0.6",
      "resolved": "https://registry.npmjs.org/path-parse/-/path-parse-1.0.6.tgz",
      "integrity": "sha512-GSmOT2EbHrINBf9SR7CDELwlJ8AENk3Qn7OikK4nFYAu3Ote2+JYNVvkpAEQm3/TLNEJFD/xZJjzyxg3KBWOzw==",
      "dev": true
    },
    "performance-now": {
      "version": "2.1.0",
      "resolved": "https://registry.npmjs.org/performance-now/-/performance-now-2.1.0.tgz",
      "integrity": "sha1-Ywn04OX6kT7BxpMHrjZLSzd8nns="
    },
    "phonegap-nfc": {
      "version": "1.2.0",
      "resolved": "https://registry.npmjs.org/phonegap-nfc/-/phonegap-nfc-1.2.0.tgz",
      "integrity": "sha512-RknLWWEqHv4VxMT6YPsOccgGvtzXhvEpvo+8+/zRYQCmw6QBwdUkPmYPPMCmeFQRcZJuqUI23kqxHGcub0Otag=="
    },
    "phonegap-plugin-barcodescanner": {
      "version": "8.1.0",
      "resolved": "https://registry.npmjs.org/phonegap-plugin-barcodescanner/-/phonegap-plugin-barcodescanner-8.1.0.tgz",
      "integrity": "sha512-WQCDCoH9EQ9WEn2bce+B95jbNJduilAn2Vtske8KfcYAeGu7bdFqRD7zGCLCQao62VwoEwlX0cUvbQ/am12Jwg==",
      "dev": true,
      "requires": {
        "nopt": "^4.0.1",
        "shelljs": "^0.8.3"
      },
      "dependencies": {
        "shelljs": {
          "version": "0.8.4",
          "resolved": "https://registry.npmjs.org/shelljs/-/shelljs-0.8.4.tgz",
          "integrity": "sha512-7gk3UZ9kOfPLIAbslLzyWeGiEqx9e3rxwZM0KE6EL8GlGwjym9Mrlx5/p33bWTu9YG6vcS4MBxYZDHYr5lr8BQ==",
          "dev": true,
          "requires": {
            "glob": "^7.0.0",
            "interpret": "^1.0.0",
            "rechoir": "^0.6.2"
          }
        }
      }
    },
    "phonegap-plugin-contentsync": {
      "version": "1.4.2",
      "resolved": "https://registry.npmjs.org/phonegap-plugin-contentsync/-/phonegap-plugin-contentsync-1.4.2.tgz",
      "integrity": "sha1-dXZeEkjnjUDgDZxS5Xzwr+mOasQ=",
      "dev": true
    },
    "phonegap-plugin-mobile-accessibility": {
      "version": "1.0.5",
      "resolved": "https://registry.npmjs.org/phonegap-plugin-mobile-accessibility/-/phonegap-plugin-mobile-accessibility-1.0.5.tgz",
      "integrity": "sha1-lah1TRJ1CLxuGuJZpTznZYNurAM=",
      "dev": true
    },
    "plist": {
      "version": "3.0.1",
      "resolved": "https://registry.npmjs.org/plist/-/plist-3.0.1.tgz",
      "integrity": "sha512-GpgvHHocGRyQm74b6FWEZZVRroHKE1I0/BTjAmySaohK+cUn+hZpbqXkc3KWgW3gQYkqcQej35FohcT0FRlkRQ==",
      "requires": {
        "base64-js": "^1.2.3",
        "xmlbuilder": "^9.0.7",
        "xmldom": "0.1.x"
      }
    },
    "properties-parser": {
      "version": "0.3.1",
      "resolved": "https://registry.npmjs.org/properties-parser/-/properties-parser-0.3.1.tgz",
      "integrity": "sha1-ExbpU5/7/ZOEXjabIRAiq9R4dxo=",
      "requires": {
        "string.prototype.codepointat": "^0.2.0"
      }
    },
    "q": {
      "version": "1.5.1",
      "resolved": "https://registry.npmjs.org/q/-/q-1.5.1.tgz",
      "integrity": "sha1-fjL3W0E4EpHQRhHxvxQQmsAGUdc="
    },
    "rechoir": {
      "version": "0.6.2",
      "resolved": "https://registry.npmjs.org/rechoir/-/rechoir-0.6.2.tgz",
      "integrity": "sha1-hSBLVNuoLVdC4oyWdW70OvUOM4Q=",
      "dev": true,
      "requires": {
        "resolve": "^1.1.6"
      }
    },
    "recursive-readdir": {
      "version": "2.2.2",
      "resolved": "https://registry.npmjs.org/recursive-readdir/-/recursive-readdir-2.2.2.tgz",
      "integrity": "sha512-nRCcW9Sj7NuZwa2XvH9co8NPeXUBhZP7CRKJtU+cS6PW9FpCIFoI5ib0NT1ZrbNuPoRy0ylyCaUL8Gih4LSyFg==",
      "requires": {
        "minimatch": "3.0.4"
      }
    },
    "resolve": {
      "version": "1.17.0",
      "resolved": "https://registry.npmjs.org/resolve/-/resolve-1.17.0.tgz",
      "integrity": "sha512-ic+7JYiV8Vi2yzQGFWOkiZD5Z9z7O2Zhm9XMaTxdJExKasieFCr+yXZ/WmXsckHiKl12ar0y6XiXDx3m4RHn1w==",
      "dev": true,
      "requires": {
        "path-parse": "^1.0.6"
      }
    },
    "sax": {
      "version": "1.1.4",
      "resolved": "https://registry.npmjs.org/sax/-/sax-1.1.4.tgz",
      "integrity": "sha1-dLbTPJrh4AFRDxeakRaFiPGu2qk="
    },
    "semver": {
      "version": "5.7.1",
      "resolved": "https://registry.npmjs.org/semver/-/semver-5.7.1.tgz",
      "integrity": "sha512-sauaDf/PZdVgrLTNYHRtpXa1iRiKcaebiKQ1BJdpQlWH2lCvexQdX55snPFyK7QzpudqbCI0qXFfOasHdyNDGQ=="
    },
    "shebang-command": {
      "version": "1.2.0",
      "resolved": "https://registry.npmjs.org/shebang-command/-/shebang-command-1.2.0.tgz",
      "integrity": "sha1-RKrGW2lbAzmJaMOfNj/uXer98eo=",
      "requires": {
        "shebang-regex": "^1.0.0"
      }
    },
    "shebang-regex": {
      "version": "1.0.0",
      "resolved": "https://registry.npmjs.org/shebang-regex/-/shebang-regex-1.0.0.tgz",
      "integrity": "sha1-2kL0l0DAtC2yypcoVxyxkMmO/qM="
    },
    "shelljs": {
      "version": "0.5.3",
      "resolved": "https://registry.npmjs.org/shelljs/-/shelljs-0.5.3.tgz",
      "integrity": "sha1-xUmCuZbHbvDB5rWfvcWCX1txMRM="
    },
    "string.prototype.codepointat": {
      "version": "0.2.1",
      "resolved": "https://registry.npmjs.org/string.prototype.codepointat/-/string.prototype.codepointat-0.2.1.tgz",
      "integrity": "sha512-2cBVCj6I4IOvEnjgO/hWqXjqBGsY+zwPmHl12Srk9IXSZ56Jwwmy+66XO5Iut/oQVR7t5ihYdLB0GMa4alEUcg=="
    },
    "strip-bom": {
      "version": "3.0.0",
      "resolved": "https://registry.npmjs.org/strip-bom/-/strip-bom-3.0.0.tgz",
      "integrity": "sha1-IzTBjpx1n3vdVv3vfprj1YjmjtM="
    },
    "typescript": {
      "version": "4.0.2",
      "resolved": "https://registry.npmjs.org/typescript/-/typescript-4.0.2.tgz",
      "integrity": "sha512-e4ERvRV2wb+rRZ/IQeb3jm2VxBsirQLpQhdxplZ2MEzGvDkkMmPglecnNDfSUBivMjP93vRbngYYDQqQ/78bcQ=="
    },
    "underscore": {
      "version": "1.11.0",
      "resolved": "https://registry.npmjs.org/underscore/-/underscore-1.11.0.tgz",
      "integrity": "sha512-xY96SsN3NA461qIRKZ/+qox37YXPtSBswMGfiNptr+wrt6ds4HaMw23TP612fEyGekRE6LNRiLYr/aqbHXNedw=="
    },
    "universalify": {
      "version": "0.1.2",
      "resolved": "https://registry.npmjs.org/universalify/-/universalify-0.1.2.tgz",
      "integrity": "sha512-rBJeI5CXAlmy1pV+617WB9J63U6XcazHHF2f2dbJix4XzpUF0RS3Zbj0FGIOCAva5P/d/GBOYaACQ1w+0azUkg=="
    },
    "which": {
      "version": "1.3.1",
      "resolved": "https://registry.npmjs.org/which/-/which-1.3.1.tgz",
      "integrity": "sha512-HxJdYWq1MTIQbJ3nw0cqssHoTNU267KlrDuGZ1WYlxDStUtKUhOaJmh112/TZmHxxUfuJqPXSOm7tDyas0OSIQ==",
      "requires": {
        "isexe": "^2.0.0"
      }
    },
    "wrappy": {
      "version": "1.0.2",
      "resolved": "https://registry.npmjs.org/wrappy/-/wrappy-1.0.2.tgz",
      "integrity": "sha1-tSQ9jz7BqjXxNkYFvA0QNuMKtp8="
    },
    "xmlbuilder": {
      "version": "9.0.7",
      "resolved": "https://registry.npmjs.org/xmlbuilder/-/xmlbuilder-9.0.7.tgz",
      "integrity": "sha1-Ey7mPS7FVlxVfiD0wi35rKaGsQ0="
    },
    "xmldom": {
      "version": "0.1.31",
      "resolved": "https://registry.npmjs.org/xmldom/-/xmldom-0.1.31.tgz",
      "integrity": "sha512-yS2uJflVQs6n+CyjHoaBmVSqIDevTAWrzMmjG1Gc7h1qQ7uVozNhEPJAwZXWyGQ/Gafo3fCwrcaokezLPupVyQ=="
    }
  }
}
