{
  "name": "phonegap",
  "version": "1.0.0",
  "lockfileVersion": 1,
  "requires": true,
  "dependencies": {
    "balanced-match": {
      "version": "1.0.0",
      "resolved": "https://registry.npmjs.org/balanced-match/-/balanced-match-1.0.0.tgz",
      "integrity": "sha1-ibTRmasr7kneFk6gK4nORi1xt2c="
    },
    "base64-js": {
      "version": "1.2.0",
      "resolved": "https://registry.npmjs.org/base64-js/-/base64-js-1.2.0.tgz",
      "integrity": "sha1-o5mS1yNYSBGYK+XikLtqU9hnAPE="
    },
    "big-integer": {
      "version": "1.6.48",
      "resolved": "https://registry.npmjs.org/big-integer/-/big-integer-1.6.48.tgz",
      "integrity": "sha512-j51egjPa7/i+RdiRuJbPdJ2FIUYYPhvYLjzoYbcMMm62ooO6F94fETG4MTs46zPAF9Brs04OajboA/qTGuz78w=="
    },
    "bplist-creator": {
      "version": "0.0.8",
      "resolved": "https://registry.npmjs.org/bplist-creator/-/bplist-creator-0.0.8.tgz",
      "integrity": "sha512-Za9JKzD6fjLC16oX2wsXfc+qBEhJBJB1YPInoAQpMLhDuj5aVOv1baGeIQSq1Fr3OCqzvsoQcSBSwGId/Ja2PA==",
      "requires": {
        "stream-buffers": "~2.2.0"
      }
    },
    "bplist-parser": {
      "version": "0.2.0",
      "resolved": "https://registry.npmjs.org/bplist-parser/-/bplist-parser-0.2.0.tgz",
      "integrity": "sha512-z0M+byMThzQmD9NILRniCUXYsYpjwnlO8N5uCFaCqIOpqRsJCrQL9NK3JsD67CN5a08nF5oIL2bD6loTdHOuKw==",
      "requires": {
        "big-integer": "^1.6.44"
      }
    },
    "brace-expansion": {
      "version": "1.1.8",
      "resolved": "https://registry.npmjs.org/brace-expansion/-/brace-expansion-1.1.8.tgz",
      "integrity": "sha1-wHshHHyVLsH479Uad+8NHTmQopI=",
      "requires": {
        "balanced-match": "^1.0.0",
        "concat-map": "0.0.1"
      }
    },
    "cc.fovea.cordova.openwith": {
      "version": "2.0.0",
      "resolved": "https://registry.npmjs.org/cc.fovea.cordova.openwith/-/cc.fovea.cordova.openwith-2.0.0.tgz",
      "integrity": "sha512-CMXOI3DJZ7V71Cd08SnWDRqUJfAFS9rTXTTgRplmutyrgTFHNk47nE8ZiVOeTPQHwACJ8eTKmEHM+faxyPHkUA==",
      "requires": {
        "file-system": "^2.2.2",
        "path": "^0.12.7",
        "plist": "^2.1.0",
        "xcode": "git+https://github.com/apache/cordova-node-xcode.git#e81ecabc18b0e43a1ae5457f16ebcbb8b0b62460"
      }
    },
    "concat-map": {
      "version": "0.0.1",
      "resolved": "https://registry.npmjs.org/concat-map/-/concat-map-0.0.1.tgz",
      "integrity": "sha1-2Klr13/Wjfd5OnMDajug1UBdR3s="
    },
    "cordova-plugin-androidx": {
      "version": "2.0.0",
      "resolved": "https://registry.npmjs.org/cordova-plugin-androidx/-/cordova-plugin-androidx-2.0.0.tgz",
      "integrity": "sha512-n5QA1LJ/wT9qpDCHAw2GwqVXVlEajRPnDH5CKZGpv90M1FYVMydYlFwCEbpp263e5I5QloPjyoyWagiKLB+JMg=="
    },
    "cordova-plugin-androidx-adapter": {
      "version": "1.1.1",
      "resolved": "https://registry.npmjs.org/cordova-plugin-androidx-adapter/-/cordova-plugin-androidx-adapter-1.1.1.tgz",
      "integrity": "sha512-ePt0WG7Y8jOFx2x3A6oXQyxzavis2ANw2hFlm7MU/H7ez1QKPXmWjA1zIIx4T/QdKWM5D8fLH60t2PyJmKSsOg==",
      "requires": {
        "performance-now": "^2.1.0",
        "q": "^1.4.1",
        "recursive-readdir": "^2.2.2"
      }
    },
    "cordova-plugin-app-version": {
      "version": "0.1.9",
      "resolved": "https://registry.npmjs.org/cordova-plugin-app-version/-/cordova-plugin-app-version-0.1.9.tgz",
      "integrity": "sha1-nbBgeGMzenEEiTAuX1CpBPFEm9s="
    },
    "cordova-plugin-badge": {
      "version": "0.8.8",
      "resolved": "https://registry.npmjs.org/cordova-plugin-badge/-/cordova-plugin-badge-0.8.8.tgz",
      "integrity": "sha512-RhIBtd5xhD/iLnxjt35jvOae28oNW/wtMZBOmQR3Rf0y4wirvA1bpAZEhBoFqL+rZGhsd6ddOdQXdex1T0DRyQ=="
    },
    "cordova-plugin-battery-status": {
      "version": "2.0.3",
      "resolved": "https://registry.npmjs.org/cordova-plugin-battery-status/-/cordova-plugin-battery-status-2.0.3.tgz",
      "integrity": "sha512-H1vSLWbDb/qivGPVV/sjAaDnF8VEoa1uOYdrTJpYrs9vRAe3S37y8Fa5LoBuKkspWiQ5P3D8q+iTnsPF0UAO7g=="
    },
    "cordova-plugin-ble-central": {
      "version": "1.2.5",
      "resolved": "https://registry.npmjs.org/cordova-plugin-ble-central/-/cordova-plugin-ble-central-1.2.5.tgz",
      "integrity": "sha512-/UwNs/g56mhTZ5+dPGZ1iXmD32vR4rr/wE3djrSDPs+GpBqviNk+QjQVu/BDllMx2BmJi+a2Zk5EjPZdzoIdDg==",
      "dev": true
    },
    "cordova-plugin-ble-peripheral": {
      "version": "1.0.0",
      "resolved": "https://registry.npmjs.org/cordova-plugin-ble-peripheral/-/cordova-plugin-ble-peripheral-1.0.0.tgz",
      "integrity": "sha512-4IGkFTsDmB7U2WejyCRt9J6BuB1R3KtTzAlLJzHOXR+kUmuZ+OytspRrxIZGlGCFSgw05xVjYMG5FOeIDeiUrA=="
    },
    "cordova-plugin-bluetooth-peripheral-usage-description": {
      "version": "1.0.1",
      "resolved": "https://registry.npmjs.org/cordova-plugin-bluetooth-peripheral-usage-description/-/cordova-plugin-bluetooth-peripheral-usage-description-1.0.1.tgz",
      "integrity": "sha512-s6U0tT1erZMV0ZJt6mf7OFbx9dVsNUnGlji3aqRGUAYZOWTUl81EpwWvSQpa13wTKaUCb9iQqZsXY1kLxSbyMQ=="
    },
    "cordova-plugin-cache-clear": {
      "version": "1.3.8",
      "resolved": "https://registry.npmjs.org/cordova-plugin-cache-clear/-/cordova-plugin-cache-clear-1.3.8.tgz",
      "integrity": "sha512-RaRhHywrlgHMJENDUJC273tJ7GAEwAiLsJCyJSlyXTz+kHpg3T+dYM/NIvoNk2lBK2EwtRzdJTkcHxlElYTIyQ=="
    },
    "cordova-plugin-camera": {
      "version": "4.1.0",
      "resolved": "https://registry.npmjs.org/cordova-plugin-camera/-/cordova-plugin-camera-4.1.0.tgz",
      "integrity": "sha512-fCLhWjWYn49q3X5xaypAPgTz6MAWSKFFQvD2Gpi5SuVlrRPRphtX2jIqR2zCBuDTBR082QVnlc+yUDXt65Mjgw=="
    },
    "cordova-plugin-camera-preview": {
      "version": "0.12.0",
      "resolved": "https://registry.npmjs.org/cordova-plugin-camera-preview/-/cordova-plugin-camera-preview-0.12.0.tgz",
      "integrity": "sha512-ppI64ReiFiwlNRGtTV1dZos0Gm9cCGqAvEI3+zkDGPn2b63QWGeY7XSSDPcoR23l1g0S9uskFOBcgn4u0+NU7Q=="
    },
    "cordova-plugin-device": {
      "version": "2.0.3",
      "resolved": "https://registry.npmjs.org/cordova-plugin-device/-/cordova-plugin-device-2.0.3.tgz",
      "integrity": "sha512-Jb3V72btxf3XHpkPQsGdyc8N6tVBYn1vsxSFj43fIz9vonJDUThYPCJJHqk6PX6N4dJw6I4FjxkpfCR4LDYMlw=="
    },
    "cordova-plugin-device-motion": {
      "version": "2.0.1",
      "resolved": "https://registry.npmjs.org/cordova-plugin-device-motion/-/cordova-plugin-device-motion-2.0.1.tgz",
      "integrity": "sha1-f22XTE64/Frljpqt1j2fpQLt7G0="
    },
    "cordova-plugin-dialogs": {
      "version": "2.0.2",
      "resolved": "https://registry.npmjs.org/cordova-plugin-dialogs/-/cordova-plugin-dialogs-2.0.2.tgz",
      "integrity": "sha512-FUHI6eEVeoz2VkxbF0P56QlUQLGzXcvw3i4xuXyM9gEct6Y+FA3Xzgl2pJTZcTg5wRqLWzN08kgNoHPkom15pw=="
    },
    "cordova-plugin-document-scanner": {
      "version": "4.2.5",
      "resolved": "https://registry.npmjs.org/cordova-plugin-document-scanner/-/cordova-plugin-document-scanner-4.2.5.tgz",
      "integrity": "sha512-kd9IftcC5Ma5Ovrlsh/ZtjexGF353tAAh1corYKrNtTIxqYClvylEdnXk6U0nm+jdvyJli/AwyScZJi1ANr9bQ=="
    },
    "cordova-plugin-fcm-with-dependecy-updated": {
      "version": "7.3.1",
      "resolved": "https://registry.npmjs.org/cordova-plugin-fcm-with-dependecy-updated/-/cordova-plugin-fcm-with-dependecy-updated-7.3.1.tgz",
      "integrity": "sha512-c2cHZmNz2WU4NXgPkILvACxgQXIIAcmXoYQN8j53LigDYNrQp3dIZ+4OH851VlqnBIfpFttQUabeWz6m0+9fKg==",
      "requires": {
        "typescript": "^4.0.2"
      }
    },
    "cordova-plugin-file": {
      "version": "6.0.2",
      "resolved": "https://registry.npmjs.org/cordova-plugin-file/-/cordova-plugin-file-6.0.2.tgz",
      "integrity": "sha512-m7cughw327CjONN/qjzsTpSesLaeybksQh420/gRuSXJX5Zt9NfgsSbqqKDon6jnQ9Mm7h7imgyO2uJ34XMBtA=="
    },
    "cordova-plugin-file-opener2": {
      "version": "3.0.4",
      "resolved": "https://registry.npmjs.org/cordova-plugin-file-opener2/-/cordova-plugin-file-opener2-3.0.4.tgz",
      "integrity": "sha512-bd1aCx62X2RwpC+KUiuB7quoxL/8RnPMEJU7x38Tvs+cUGLWBvsmR9+/LqGBsSns2CIqgnJ34TW0Vazoqu7Ieg=="
    },
    "cordova-plugin-file-transfer": {
      "version": "1.7.1",
      "resolved": "https://registry.npmjs.org/cordova-plugin-file-transfer/-/cordova-plugin-file-transfer-1.7.1.tgz",
      "integrity": "sha1-p12L4uvDu5sjxbG70ZkhTsJnWGs=",
      "dev": true
    },
    "cordova-plugin-geolocation": {
      "version": "4.0.2",
      "resolved": "https://registry.npmjs.org/cordova-plugin-geolocation/-/cordova-plugin-geolocation-4.0.2.tgz",
      "integrity": "sha512-QGThnPKzPxESHkruZlpE0+5aFBVOet8al0vIJ7laSUOQHIC1dd/JY6peVIbtLboKi5Dap1wCKRubOqPqH8xcQA=="
    },
    "cordova-plugin-globalization": {
      "version": "1.11.0",
      "resolved": "https://registry.npmjs.org/cordova-plugin-globalization/-/cordova-plugin-globalization-1.11.0.tgz",
      "integrity": "sha1-6sMVgQAphJOvowvolA5pj2HvvP4=",
      "dev": true
    },
    "cordova-plugin-inappbrowser": {
      "version": "4.0.0",
      "resolved": "https://registry.npmjs.org/cordova-plugin-inappbrowser/-/cordova-plugin-inappbrowser-4.0.0.tgz",
      "integrity": "sha512-w2LZzdF3R4G/EqVZ9aWch9Pksk76uw6/S5wFP1sgn7zjsSDpJBb/JhazLnioN1NZmZiCUBbROv1S4+9JCkeCgA=="
    },
    "cordova-plugin-insomnia": {
      "version": "4.3.0",
      "resolved": "https://registry.npmjs.org/cordova-plugin-insomnia/-/cordova-plugin-insomnia-4.3.0.tgz",
      "integrity": "sha1-gyoz9tdj8LgCc733YbNbZ4xDuVc=",
      "dev": true
    },
    "cordova-plugin-ionic-keyboard": {
      "version": "2.2.0",
      "resolved": "https://registry.npmjs.org/cordova-plugin-ionic-keyboard/-/cordova-plugin-ionic-keyboard-2.2.0.tgz",
      "integrity": "sha512-yDUG+9ieKVRitq5mGlNxjaZh/MgEhFFIgTIPhqSbUaQ8UuZbawy5mhJAVClqY97q8/rcQtL6dCDa7x2sEtCLcA=="
    },
    "cordova-plugin-media": {
      "version": "5.0.3",
      "resolved": "https://registry.npmjs.org/cordova-plugin-media/-/cordova-plugin-media-5.0.3.tgz",
      "integrity": "sha512-UQPFlpk1zL4BY44zGi8RVmYCvcKBCN4Dyf8ovxqGYCC8zR1yhbTRWYDdO9vJdERwbfgWV7+z7FMWiSUfqWm9bQ=="
    },
    "cordova-plugin-media-capture": {
      "version": "3.0.3",
      "resolved": "https://registry.npmjs.org/cordova-plugin-media-capture/-/cordova-plugin-media-capture-3.0.3.tgz",
      "integrity": "sha512-pVQOrNM7VAuVUMXibAlMGIArrftHPrRs4dUCoE+e2HEFUp3LmN3Yj539LjdUxcWmz/A/cHC65m9E3DS56YJhcg=="
    },
    "cordova-plugin-network-information": {
      "version": "2.0.2",
      "resolved": "https://registry.npmjs.org/cordova-plugin-network-information/-/cordova-plugin-network-information-2.0.2.tgz",
      "integrity": "sha512-NwO3qDBNL/vJxUxBTPNOA1HvkDf9eTeGH8JSZiwy1jq2W2mJKQEDBwqWkaEQS19Yd/MQTiw0cykxg5D7u4J6cQ=="
    },
    "cordova-plugin-qrscanner": {
      "version": "3.0.1",
      "resolved": "https://registry.npmjs.org/cordova-plugin-qrscanner/-/cordova-plugin-qrscanner-3.0.1.tgz",
      "integrity": "sha512-xrwOP3nD+VmRSiV0w7chZ5PLw2YwpI9vtLdeoGNYLLzmmjjYbyIof+x9vOEOgjtwrg9S61rukmOZhQAmkzaosA==",
      "requires": {
        "qrcode-reader": "^1.0.4",
        "webrtc-adapter": "^3.1.4"
      }
    },
    "cordova-plugin-screen-orientation": {
      "version": "3.0.2",
      "resolved": "https://registry.npmjs.org/cordova-plugin-screen-orientation/-/cordova-plugin-screen-orientation-3.0.2.tgz",
      "integrity": "sha512-2w6CMC+HGvbhogJetalwGurL2Fx8DQCCPy3wlSZHN1/W7WoQ5n9ujVozcoKrY4VaagK6bxrPFih+ElkO8Uqfzg=="
    },
    "cordova-plugin-splashscreen": {
      "version": "6.0.0",
      "resolved": "https://registry.npmjs.org/cordova-plugin-splashscreen/-/cordova-plugin-splashscreen-6.0.0.tgz",
      "integrity": "sha512-pm4ZtJKQY4bCGXVeIInbGrXilryTevYSKgfvoQJpW9UClOWKAxSsYf2/4G2u1vcn492svOSL42OSa2MhujBWEQ=="
    },
    "cordova-plugin-statusbar": {
      "version": "2.4.3",
      "resolved": "https://registry.npmjs.org/cordova-plugin-statusbar/-/cordova-plugin-statusbar-2.4.3.tgz",
      "integrity": "sha512-ThmXzl6QIKWFXf4wWw7Q/zpB+VKkz3VM958+5A0sXD4jmR++u7KnGttLksXshVwWr6lvGwUebLYtIyXwS4Ovcg==",
      "dev": true
    },
    "cordova-plugin-ui-sounds": {
      "version": "1.2.2",
      "resolved": "https://registry.npmjs.org/cordova-plugin-ui-sounds/-/cordova-plugin-ui-sounds-1.2.2.tgz",
      "integrity": "sha512-/wiQF4kJik1Cfl+xmD/5Zx52QO5xKXSmJoHVSlte99ozqSYiA0wDVugXyo6E27abw56Aj0H2vsMP3A7/AHPRXQ=="
    },
    "cordova-plugin-vibration": {
      "version": "3.1.1",
      "resolved": "https://registry.npmjs.org/cordova-plugin-vibration/-/cordova-plugin-vibration-3.1.1.tgz",
      "integrity": "sha512-qgv67Rueo4Pydfant3TwnXeFiN9dl+6lKMM6h5jYg9XewiGAGOr8vfWsTvQssC3m3xMKGS1ap3xPNH+BzZ4RMA=="
    },
    "cordova-plugin-whitelist": {
      "version": "1.3.4",
      "resolved": "https://registry.npmjs.org/cordova-plugin-whitelist/-/cordova-plugin-whitelist-1.3.4.tgz",
      "integrity": "sha512-EYC5eQFVkoYXq39l7tYKE6lEjHJ04mvTmKXxGL7quHLdFPfJMNzru/UYpn92AOfpl3PQaZmou78C7EgmFOwFQQ==",
      "dev": true
    },
    "cordova-plugin-wkwebview-clearcache": {
      "version": "1.1.0",
      "resolved": "git+https://github.com/mgatto/cordova-plugin-wkwebview-clearcache.git#1bcffc57d10c80f69db6b5357a7cca23ca9e7032"
    },
    "cordova-plugin-wkwebview-engine": {
      "version": "1.2.1",
      "resolved": "https://registry.npmjs.org/cordova-plugin-wkwebview-engine/-/cordova-plugin-wkwebview-engine-1.2.1.tgz",
      "integrity": "sha512-usp6pu+tJ1y0btVAXOjE5+tMjbvTY6hsiLfHJPMdyzkgHvxoNSePZ/NavTGj4CBJJlUjnMsN3TUq25+SeTZCow=="
    },
    "cordova-plugin-wkwebview-inject-cookie": {
      "version": "1.0.6",
      "resolved": "https://registry.npmjs.org/cordova-plugin-wkwebview-inject-cookie/-/cordova-plugin-wkwebview-inject-cookie-1.0.6.tgz",
      "integrity": "sha512-F6VW3h/oX9ARkH4q3ARSjrA1mcAbJ/I6su4F+5snJt7b8/4CHptnciGdOF1OY36rxUSHtJiVDYdVHIs8vc2w/A=="
    },
    "cordova-plugin-wkwebviewxhrfix": {
      "version": "0.1.0",
      "resolved": "https://registry.npmjs.org/cordova-plugin-wkwebviewxhrfix/-/cordova-plugin-wkwebviewxhrfix-0.1.0.tgz",
      "integrity": "sha512-G8k6haZIrxQ01ixbpFNUYzw1sumqhlyS0FRVmbQyb33XD9uRNoDE8a8hvzDnZgYTZRVnsmjRhlxHgEYSERK27A=="
    },
    "cordova-plugin-x-socialsharing": {
      "version": "6.0.2",
      "resolved": "https://registry.npmjs.org/cordova-plugin-x-socialsharing/-/cordova-plugin-x-socialsharing-6.0.2.tgz",
      "integrity": "sha512-iS+JeymmkFtyPBTlH6hymDeB2VTUTjNk8hF8mrPEXduOqYQSjBpHePZ9x83Dq9drKUSqA7gBzgnebp2JGld2TQ=="
    },
    "file-match": {
      "version": "1.0.2",
      "resolved": "https://registry.npmjs.org/file-match/-/file-match-1.0.2.tgz",
      "integrity": "sha1-ycrSZdLIrfOoFHWw30dYWQafrvc=",
      "requires": {
        "utils-extend": "^1.0.6"
      }
    },
    "file-system": {
      "version": "2.2.2",
      "resolved": "https://registry.npmjs.org/file-system/-/file-system-2.2.2.tgz",
      "integrity": "sha1-fWWDPjojR9zZVqgTxncVPtPt2Yc=",
      "requires": {
        "file-match": "^1.0.1",
        "utils-extend": "^1.0.4"
      }
    },
    "minimatch": {
      "version": "3.0.4",
      "resolved": "https://registry.npmjs.org/minimatch/-/minimatch-3.0.4.tgz",
      "integrity": "sha512-yJHVQEhyqPLUTgt9B83PXu6W3rx4MvvHvSUvToogpwoGDOUQ+yDrR0HRot+yOCdCO7u4hX3pWft6kWBBcqh0UA==",
      "requires": {
        "brace-expansion": "^1.1.7"
      }
    },
    "path": {
      "version": "0.12.7",
      "resolved": "https://registry.npmjs.org/path/-/path-0.12.7.tgz",
      "integrity": "sha1-1NwqUGxM4hl+tIHr/NWzbAFAsQ8=",
      "requires": {
        "process": "^0.11.1",
        "util": "^0.10.3"
      }
    },
    "performance-now": {
      "version": "2.1.0",
      "resolved": "https://registry.npmjs.org/performance-now/-/performance-now-2.1.0.tgz",
      "integrity": "sha1-Ywn04OX6kT7BxpMHrjZLSzd8nns="
    },
    "phonegap-nfc": {
      "version": "1.2.0",
      "resolved": "https://registry.npmjs.org/phonegap-nfc/-/phonegap-nfc-1.2.0.tgz",
      "integrity": "sha512-RknLWWEqHv4VxMT6YPsOccgGvtzXhvEpvo+8+/zRYQCmw6QBwdUkPmYPPMCmeFQRcZJuqUI23kqxHGcub0Otag=="
    },
    "phonegap-plugin-contentsync": {
      "version": "1.4.2",
      "resolved": "https://registry.npmjs.org/phonegap-plugin-contentsync/-/phonegap-plugin-contentsync-1.4.2.tgz",
      "integrity": "sha1-dXZeEkjnjUDgDZxS5Xzwr+mOasQ=",
      "dev": true
    },
    "phonegap-plugin-mobile-accessibility": {
      "version": "1.0.5",
      "resolved": "https://registry.npmjs.org/phonegap-plugin-mobile-accessibility/-/phonegap-plugin-mobile-accessibility-1.0.5.tgz",
      "integrity": "sha1-lah1TRJ1CLxuGuJZpTznZYNurAM=",
      "dev": true
    },
    "plist": {
      "version": "2.1.0",
      "resolved": "https://registry.npmjs.org/plist/-/plist-2.1.0.tgz",
      "integrity": "sha1-V8zbeggh3yGDEhejytVOPhRqECU=",
      "requires": {
        "base64-js": "1.2.0",
        "xmlbuilder": "8.2.2",
        "xmldom": "0.1.x"
      }
    },
    "process": {
      "version": "0.11.10",
      "resolved": "https://registry.npmjs.org/process/-/process-0.11.10.tgz",
      "integrity": "sha1-czIwDoQBYb2j5podHZGn1LwW8YI="
    },
    "q": {
      "version": "1.5.1",
      "resolved": "https://registry.npmjs.org/q/-/q-1.5.1.tgz",
      "integrity": "sha1-fjL3W0E4EpHQRhHxvxQQmsAGUdc="
    },
    "qrcode-reader": {
      "version": "1.0.4",
      "resolved": "https://registry.npmjs.org/qrcode-reader/-/qrcode-reader-1.0.4.tgz",
      "integrity": "sha512-rRjALGNh9zVqvweg1j5OKIQKNsw3bLC+7qwlnead5K/9cb1cEIAGkwikt/09U0K+2IDWGD9CC6SP7tHAjUeqvQ=="
    },
    "recursive-readdir": {
      "version": "2.2.2",
      "resolved": "https://registry.npmjs.org/recursive-readdir/-/recursive-readdir-2.2.2.tgz",
      "integrity": "sha512-nRCcW9Sj7NuZwa2XvH9co8NPeXUBhZP7CRKJtU+cS6PW9FpCIFoI5ib0NT1ZrbNuPoRy0ylyCaUL8Gih4LSyFg==",
      "requires": {
        "minimatch": "3.0.4"
      }
    },
    "sdp": {
      "version": "1.5.4",
      "resolved": "https://registry.npmjs.org/sdp/-/sdp-1.5.4.tgz",
      "integrity": "sha1-jgOPbdsUvXZa4fS1IW4SCUUR4NA="
    },
    "simple-plist": {
      "version": "1.1.0",
      "resolved": "https://registry.npmjs.org/simple-plist/-/simple-plist-1.1.0.tgz",
      "integrity": "sha512-2i5Tc0BYAqppM7jVzmNrI+aEUntPolIq4fDgji6WuNNn1D/qYdn2KwoLhZdzQkE04lu9L5tUoeJsjuJAvd+lFg==",
      "requires": {
        "bplist-creator": "0.0.8",
        "bplist-parser": "0.2.0",
        "plist": "^3.0.1"
      },
      "dependencies": {
        "base64-js": {
          "version": "1.3.1",
          "resolved": "https://registry.npmjs.org/base64-js/-/base64-js-1.3.1.tgz",
          "integrity": "sha512-mLQ4i2QO1ytvGWFWmcngKO//JXAQueZvwEKtjgQFM4jIK0kU+ytMfplL8j+n5mspOfjHwoAg+9yhb7BwAHm36g=="
        },
        "plist": {
          "version": "3.0.1",
          "resolved": "https://registry.npmjs.org/plist/-/plist-3.0.1.tgz",
          "integrity": "sha512-GpgvHHocGRyQm74b6FWEZZVRroHKE1I0/BTjAmySaohK+cUn+hZpbqXkc3KWgW3gQYkqcQej35FohcT0FRlkRQ==",
          "requires": {
            "base64-js": "^1.2.3",
            "xmlbuilder": "^9.0.7",
            "xmldom": "0.1.x"
          }
        },
        "xmlbuilder": {
          "version": "9.0.7",
          "resolved": "https://registry.npmjs.org/xmlbuilder/-/xmlbuilder-9.0.7.tgz",
          "integrity": "sha1-Ey7mPS7FVlxVfiD0wi35rKaGsQ0="
        }
      }
    },
    "stream-buffers": {
      "version": "2.2.0",
      "resolved": "https://registry.npmjs.org/stream-buffers/-/stream-buffers-2.2.0.tgz",
      "integrity": "sha1-kdX1Ew0c75bc+n9yaUUYh0HQnuQ="
    },
    "typescript": {
      "version": "4.0.2",
      "resolved": "https://registry.npmjs.org/typescript/-/typescript-4.0.2.tgz",
      "integrity": "sha512-e4ERvRV2wb+rRZ/IQeb3jm2VxBsirQLpQhdxplZ2MEzGvDkkMmPglecnNDfSUBivMjP93vRbngYYDQqQ/78bcQ=="
    },
    "util": {
      "version": "0.10.4",
      "resolved": "https://registry.npmjs.org/util/-/util-0.10.4.tgz",
      "integrity": "sha512-0Pm9hTQ3se5ll1XihRic3FDIku70C+iHUdT/W926rSgHV5QgXsYbKZN8MSC3tJtSkhuROzvsQjAaFENRXr+19A==",
      "requires": {
        "inherits": "2.0.3"
      },
      "dependencies": {
        "inherits": {
          "version": "2.0.3",
          "resolved": "https://registry.npmjs.org/inherits/-/inherits-2.0.3.tgz",
          "integrity": "sha1-Yzwsg+PaQqUC9SRmAiSA9CCCYd4="
        }
      }
    },
    "utils-extend": {
      "version": "1.0.8",
      "resolved": "https://registry.npmjs.org/utils-extend/-/utils-extend-1.0.8.tgz",
      "integrity": "sha1-zP17ZFQPjpDuIe7Fd2nQZRyril8="
    },
    "uuid": {
      "version": "7.0.3",
      "resolved": "https://registry.npmjs.org/uuid/-/uuid-7.0.3.tgz",
      "integrity": "sha512-DPSke0pXhTZgoF/d+WSt2QaKMCFSfx7QegxEWT+JOuHF5aWrKEn0G+ztjuJg/gG8/ItK+rbPCD/yNv8yyih6Cg=="
    },
    "webrtc-adapter": {
      "version": "3.4.3",
      "resolved": "https://registry.npmjs.org/webrtc-adapter/-/webrtc-adapter-3.4.3.tgz",
      "integrity": "sha1-tjYGLu6abvFYrNDYUBtnhDS1bxY=",
      "requires": {
        "sdp": "^1.5.0"
      }
    },
    "xcode": {
      "version": "git+https://github.com/apache/cordova-node-xcode.git#e81ecabc18b0e43a1ae5457f16ebcbb8b0b62460",
      "from": "git+https://github.com/apache/cordova-node-xcode.git",
      "requires": {
        "simple-plist": "^1.1.0",
        "uuid": "^7.0.3"
      }
    },
    "xmlbuilder": {
      "version": "8.2.2",
      "resolved": "https://registry.npmjs.org/xmlbuilder/-/xmlbuilder-8.2.2.tgz",
      "integrity": "sha1-aSSGc0ELS6QuGmE2VR0pIjNap3M="
    },
    "xmldom": {
      "version": "0.1.31",
      "resolved": "https://registry.npmjs.org/xmldom/-/xmldom-0.1.31.tgz",
      "integrity": "sha512-yS2uJflVQs6n+CyjHoaBmVSqIDevTAWrzMmjG1Gc7h1qQ7uVozNhEPJAwZXWyGQ/Gafo3fCwrcaokezLPupVyQ=="
    }
  }
}
