{
  "name": "phonegap",
  "version": "1.0.0",
  "lockfileVersion": 1,
  "requires": true,
  "dependencies": {
    "abbrev": {
      "version": "1.1.1",
      "resolved": "https://registry.npmjs.org/abbrev/-/abbrev-1.1.1.tgz",
      "integrity": "sha512-nne9/IiQ/hzIhY6pdDnbBtz7DjPTKrY00P/zvPSm5pOFkl6xuGrGnXn/VtTNNfNtAfZ9/1RtehkszU9qcTii0Q==",
      "dev": true
    },
    "balanced-match": {
      "version": "1.0.0",
      "resolved": "https://registry.npmjs.org/balanced-match/-/balanced-match-1.0.0.tgz",
      "integrity": "sha1-ibTRmasr7kneFk6gK4nORi1xt2c="
    },
    "brace-expansion": {
      "version": "1.1.8",
      "resolved": "https://registry.npmjs.org/brace-expansion/-/brace-expansion-1.1.8.tgz",
      "integrity": "sha1-wHshHHyVLsH479Uad+8NHTmQopI=",
      "requires": {
        "balanced-match": "^1.0.0",
        "concat-map": "0.0.1"
      }
    },
    "concat-map": {
      "version": "0.0.1",
      "resolved": "https://registry.npmjs.org/concat-map/-/concat-map-0.0.1.tgz",
      "integrity": "sha1-2Klr13/Wjfd5OnMDajug1UBdR3s="
    },
    "cordova-android-support-gradle-release": {
      "version": "3.0.1",
      "resolved": "https://registry.npmjs.org/cordova-android-support-gradle-release/-/cordova-android-support-gradle-release-3.0.1.tgz",
      "integrity": "sha512-RSW55DkSckmqhX/kjj+a1YeVdy7s/AtlZn6Qa5XMQmmA4Iogq+IF2jvInZqzCF19DbI5YE95AP7VDbRk+DdDRw==",
      "dev": true,
      "requires": {
        "q": "^1.4.1",
        "semver": "5.6.0"
      },
      "dependencies": {
        "semver": {
          "version": "5.6.0",
          "resolved": "https://registry.npmjs.org/semver/-/semver-5.6.0.tgz",
          "integrity": "sha512-RS9R6R35NYgQn++fkDWaOmqGoj4Ek9gGs+DPxNUZKuwE183xjJroKvyo1IzVFeXvUrvmALy6FWD5xrdJT25gMg==",
          "dev": true
        }
      }
    },
    "cordova-plugin-androidx": {
      "version": "2.0.0",
      "resolved": "https://registry.npmjs.org/cordova-plugin-androidx/-/cordova-plugin-androidx-2.0.0.tgz",
      "integrity": "sha512-n5QA1LJ/wT9qpDCHAw2GwqVXVlEajRPnDH5CKZGpv90M1FYVMydYlFwCEbpp263e5I5QloPjyoyWagiKLB+JMg=="
    },
    "cordova-plugin-androidx-adapter": {
      "version": "1.1.1",
      "resolved": "https://registry.npmjs.org/cordova-plugin-androidx-adapter/-/cordova-plugin-androidx-adapter-1.1.1.tgz",
      "integrity": "sha512-ePt0WG7Y8jOFx2x3A6oXQyxzavis2ANw2hFlm7MU/H7ez1QKPXmWjA1zIIx4T/QdKWM5D8fLH60t2PyJmKSsOg==",
      "requires": {
        "performance-now": "^2.1.0",
        "q": "^1.4.1",
        "recursive-readdir": "^2.2.2"
      }
    },
    "cordova-plugin-app-version": {
      "version": "0.1.9",
      "resolved": "https://registry.npmjs.org/cordova-plugin-app-version/-/cordova-plugin-app-version-0.1.9.tgz",
      "integrity": "sha1-nbBgeGMzenEEiTAuX1CpBPFEm9s="
    },
    "cordova-plugin-badge": {
      "version": "0.8.8",
      "resolved": "https://registry.npmjs.org/cordova-plugin-badge/-/cordova-plugin-badge-0.8.8.tgz",
      "integrity": "sha512-RhIBtd5xhD/iLnxjt35jvOae28oNW/wtMZBOmQR3Rf0y4wirvA1bpAZEhBoFqL+rZGhsd6ddOdQXdex1T0DRyQ=="
    },
    "cordova-plugin-battery-status": {
      "version": "2.0.3",
      "resolved": "https://registry.npmjs.org/cordova-plugin-battery-status/-/cordova-plugin-battery-status-2.0.3.tgz",
      "integrity": "sha512-H1vSLWbDb/qivGPVV/sjAaDnF8VEoa1uOYdrTJpYrs9vRAe3S37y8Fa5LoBuKkspWiQ5P3D8q+iTnsPF0UAO7g=="
    },
    "cordova-plugin-ble-central": {
      "version": "1.2.5",
      "resolved": "https://registry.npmjs.org/cordova-plugin-ble-central/-/cordova-plugin-ble-central-1.2.5.tgz",
      "integrity": "sha512-/UwNs/g56mhTZ5+dPGZ1iXmD32vR4rr/wE3djrSDPs+GpBqviNk+QjQVu/BDllMx2BmJi+a2Zk5EjPZdzoIdDg==",
      "dev": true
    },
    "cordova-plugin-ble-peripheral": {
      "version": "1.0.0",
      "resolved": "https://registry.npmjs.org/cordova-plugin-ble-peripheral/-/cordova-plugin-ble-peripheral-1.0.0.tgz",
      "integrity": "sha512-4IGkFTsDmB7U2WejyCRt9J6BuB1R3KtTzAlLJzHOXR+kUmuZ+OytspRrxIZGlGCFSgw05xVjYMG5FOeIDeiUrA=="
    },
    "cordova-plugin-bluetooth-peripheral-usage-description": {
      "version": "1.0.1",
      "resolved": "https://registry.npmjs.org/cordova-plugin-bluetooth-peripheral-usage-description/-/cordova-plugin-bluetooth-peripheral-usage-description-1.0.1.tgz",
      "integrity": "sha512-s6U0tT1erZMV0ZJt6mf7OFbx9dVsNUnGlji3aqRGUAYZOWTUl81EpwWvSQpa13wTKaUCb9iQqZsXY1kLxSbyMQ=="
    },
    "cordova-plugin-cache-clear": {
      "version": "1.3.8",
      "resolved": "https://registry.npmjs.org/cordova-plugin-cache-clear/-/cordova-plugin-cache-clear-1.3.8.tgz",
      "integrity": "sha512-RaRhHywrlgHMJENDUJC273tJ7GAEwAiLsJCyJSlyXTz+kHpg3T+dYM/NIvoNk2lBK2EwtRzdJTkcHxlElYTIyQ=="
    },
    "cordova-plugin-camera": {
      "version": "4.1.0",
      "resolved": "https://registry.npmjs.org/cordova-plugin-camera/-/cordova-plugin-camera-4.1.0.tgz",
      "integrity": "sha512-fCLhWjWYn49q3X5xaypAPgTz6MAWSKFFQvD2Gpi5SuVlrRPRphtX2jIqR2zCBuDTBR082QVnlc+yUDXt65Mjgw=="
    },
    "cordova-plugin-camera-preview": {
      "version": "0.12.0",
      "resolved": "https://registry.npmjs.org/cordova-plugin-camera-preview/-/cordova-plugin-camera-preview-0.12.0.tgz",
      "integrity": "sha512-ppI64ReiFiwlNRGtTV1dZos0Gm9cCGqAvEI3+zkDGPn2b63QWGeY7XSSDPcoR23l1g0S9uskFOBcgn4u0+NU7Q=="
    },
    "cordova-plugin-cocoapods-cdn": {
      "version": "1.0.0",
      "resolved": "https://registry.npmjs.org/cordova-plugin-cocoapods-cdn/-/cordova-plugin-cocoapods-cdn-1.0.0.tgz",
      "integrity": "sha512-TKl+EdOtDfv/8qBkhvKQZr7H1w0pb7ggY06oAUfV/k/jkflOhaXYcnrgF4OvNm9dhvZUHmTw+iKN4L6RD+x7lw=="
    },
    "cordova-plugin-device": {
      "version": "2.0.3",
      "resolved": "https://registry.npmjs.org/cordova-plugin-device/-/cordova-plugin-device-2.0.3.tgz",
      "integrity": "sha512-Jb3V72btxf3XHpkPQsGdyc8N6tVBYn1vsxSFj43fIz9vonJDUThYPCJJHqk6PX6N4dJw6I4FjxkpfCR4LDYMlw=="
    },
    "cordova-plugin-device-motion": {
      "version": "2.0.1",
      "resolved": "https://registry.npmjs.org/cordova-plugin-device-motion/-/cordova-plugin-device-motion-2.0.1.tgz",
      "integrity": "sha1-f22XTE64/Frljpqt1j2fpQLt7G0="
    },
    "cordova-plugin-dialogs": {
      "version": "2.0.2",
      "resolved": "https://registry.npmjs.org/cordova-plugin-dialogs/-/cordova-plugin-dialogs-2.0.2.tgz",
      "integrity": "sha512-FUHI6eEVeoz2VkxbF0P56QlUQLGzXcvw3i4xuXyM9gEct6Y+FA3Xzgl2pJTZcTg5wRqLWzN08kgNoHPkom15pw=="
    },
    "cordova-plugin-document-scanner": {
      "version": "4.2.5",
      "resolved": "https://registry.npmjs.org/cordova-plugin-document-scanner/-/cordova-plugin-document-scanner-4.2.5.tgz",
      "integrity": "sha512-kd9IftcC5Ma5Ovrlsh/ZtjexGF353tAAh1corYKrNtTIxqYClvylEdnXk6U0nm+jdvyJli/AwyScZJi1ANr9bQ=="
    },
    "cordova-plugin-fcm-with-dependecy-updated": {
      "version": "7.3.1",
      "resolved": "https://registry.npmjs.org/cordova-plugin-fcm-with-dependecy-updated/-/cordova-plugin-fcm-with-dependecy-updated-7.3.1.tgz",
      "integrity": "sha512-c2cHZmNz2WU4NXgPkILvACxgQXIIAcmXoYQN8j53LigDYNrQp3dIZ+4OH851VlqnBIfpFttQUabeWz6m0+9fKg==",
      "requires": {
        "typescript": "^4.0.2"
      }
    },
    "cordova-plugin-file": {
      "version": "6.0.2",
      "resolved": "https://registry.npmjs.org/cordova-plugin-file/-/cordova-plugin-file-6.0.2.tgz",
      "integrity": "sha512-m7cughw327CjONN/qjzsTpSesLaeybksQh420/gRuSXJX5Zt9NfgsSbqqKDon6jnQ9Mm7h7imgyO2uJ34XMBtA=="
    },
    "cordova-plugin-file-opener2": {
      "version": "3.0.4",
      "resolved": "https://registry.npmjs.org/cordova-plugin-file-opener2/-/cordova-plugin-file-opener2-3.0.4.tgz",
      "integrity": "sha512-bd1aCx62X2RwpC+KUiuB7quoxL/8RnPMEJU7x38Tvs+cUGLWBvsmR9+/LqGBsSns2CIqgnJ34TW0Vazoqu7Ieg=="
    },
    "cordova-plugin-file-transfer": {
      "version": "1.7.1",
      "resolved": "https://registry.npmjs.org/cordova-plugin-file-transfer/-/cordova-plugin-file-transfer-1.7.1.tgz",
      "integrity": "sha1-p12L4uvDu5sjxbG70ZkhTsJnWGs=",
      "dev": true
    },
    "cordova-plugin-geolocation": {
      "version": "4.0.2",
      "resolved": "https://registry.npmjs.org/cordova-plugin-geolocation/-/cordova-plugin-geolocation-4.0.2.tgz",
      "integrity": "sha512-QGThnPKzPxESHkruZlpE0+5aFBVOet8al0vIJ7laSUOQHIC1dd/JY6peVIbtLboKi5Dap1wCKRubOqPqH8xcQA=="
    },
    "cordova-plugin-globalization": {
      "version": "1.11.0",
      "resolved": "https://registry.npmjs.org/cordova-plugin-globalization/-/cordova-plugin-globalization-1.11.0.tgz",
      "integrity": "sha1-6sMVgQAphJOvowvolA5pj2HvvP4=",
      "dev": true
    },
    "cordova-plugin-inappbrowser": {
      "version": "4.0.0",
      "resolved": "https://registry.npmjs.org/cordova-plugin-inappbrowser/-/cordova-plugin-inappbrowser-4.0.0.tgz",
      "integrity": "sha512-w2LZzdF3R4G/EqVZ9aWch9Pksk76uw6/S5wFP1sgn7zjsSDpJBb/JhazLnioN1NZmZiCUBbROv1S4+9JCkeCgA=="
    },
    "cordova-plugin-insomnia": {
      "version": "4.3.0",
      "resolved": "https://registry.npmjs.org/cordova-plugin-insomnia/-/cordova-plugin-insomnia-4.3.0.tgz",
      "integrity": "sha1-gyoz9tdj8LgCc733YbNbZ4xDuVc=",
      "dev": true
    },
    "cordova-plugin-ionic-keyboard": {
      "version": "2.2.0",
      "resolved": "https://registry.npmjs.org/cordova-plugin-ionic-keyboard/-/cordova-plugin-ionic-keyboard-2.2.0.tgz",
      "integrity": "sha512-yDUG+9ieKVRitq5mGlNxjaZh/MgEhFFIgTIPhqSbUaQ8UuZbawy5mhJAVClqY97q8/rcQtL6dCDa7x2sEtCLcA=="
    },
    "cordova-plugin-media": {
      "version": "5.0.3",
      "resolved": "https://registry.npmjs.org/cordova-plugin-media/-/cordova-plugin-media-5.0.3.tgz",
      "integrity": "sha512-UQPFlpk1zL4BY44zGi8RVmYCvcKBCN4Dyf8ovxqGYCC8zR1yhbTRWYDdO9vJdERwbfgWV7+z7FMWiSUfqWm9bQ=="
    },
    "cordova-plugin-media-capture": {
      "version": "3.0.3",
      "resolved": "https://registry.npmjs.org/cordova-plugin-media-capture/-/cordova-plugin-media-capture-3.0.3.tgz",
      "integrity": "sha512-pVQOrNM7VAuVUMXibAlMGIArrftHPrRs4dUCoE+e2HEFUp3LmN3Yj539LjdUxcWmz/A/cHC65m9E3DS56YJhcg=="
    },
    "cordova-plugin-network-information": {
      "version": "2.0.2",
      "resolved": "https://registry.npmjs.org/cordova-plugin-network-information/-/cordova-plugin-network-information-2.0.2.tgz",
      "integrity": "sha512-NwO3qDBNL/vJxUxBTPNOA1HvkDf9eTeGH8JSZiwy1jq2W2mJKQEDBwqWkaEQS19Yd/MQTiw0cykxg5D7u4J6cQ=="
    },
    "cordova-plugin-screen-orientation": {
      "version": "3.0.2",
      "resolved": "https://registry.npmjs.org/cordova-plugin-screen-orientation/-/cordova-plugin-screen-orientation-3.0.2.tgz",
      "integrity": "sha512-2w6CMC+HGvbhogJetalwGurL2Fx8DQCCPy3wlSZHN1/W7WoQ5n9ujVozcoKrY4VaagK6bxrPFih+ElkO8Uqfzg=="
    },
    "cordova-plugin-splashscreen": {
      "version": "6.0.0",
      "resolved": "https://registry.npmjs.org/cordova-plugin-splashscreen/-/cordova-plugin-splashscreen-6.0.0.tgz",
      "integrity": "sha512-pm4ZtJKQY4bCGXVeIInbGrXilryTevYSKgfvoQJpW9UClOWKAxSsYf2/4G2u1vcn492svOSL42OSa2MhujBWEQ=="
    },
    "cordova-plugin-statusbar": {
      "version": "2.4.3",
      "resolved": "https://registry.npmjs.org/cordova-plugin-statusbar/-/cordova-plugin-statusbar-2.4.3.tgz",
      "integrity": "sha512-ThmXzl6QIKWFXf4wWw7Q/zpB+VKkz3VM958+5A0sXD4jmR++u7KnGttLksXshVwWr6lvGwUebLYtIyXwS4Ovcg==",
      "dev": true
    },
    "cordova-plugin-ui-sounds": {
      "version": "1.2.2",
      "resolved": "https://registry.npmjs.org/cordova-plugin-ui-sounds/-/cordova-plugin-ui-sounds-1.2.2.tgz",
      "integrity": "sha512-/wiQF4kJik1Cfl+xmD/5Zx52QO5xKXSmJoHVSlte99ozqSYiA0wDVugXyo6E27abw56Aj0H2vsMP3A7/AHPRXQ=="
    },
    "cordova-plugin-vibration": {
      "version": "3.1.1",
      "resolved": "https://registry.npmjs.org/cordova-plugin-vibration/-/cordova-plugin-vibration-3.1.1.tgz",
      "integrity": "sha512-qgv67Rueo4Pydfant3TwnXeFiN9dl+6lKMM6h5jYg9XewiGAGOr8vfWsTvQssC3m3xMKGS1ap3xPNH+BzZ4RMA=="
    },
    "cordova-plugin-whitelist": {
      "version": "1.3.4",
      "resolved": "https://registry.npmjs.org/cordova-plugin-whitelist/-/cordova-plugin-whitelist-1.3.4.tgz",
      "integrity": "sha512-EYC5eQFVkoYXq39l7tYKE6lEjHJ04mvTmKXxGL7quHLdFPfJMNzru/UYpn92AOfpl3PQaZmou78C7EgmFOwFQQ==",
      "dev": true
    },
    "cordova-plugin-wkwebview-clearcache": {
      "version": "1.1.0",
      "resolved": "git+https://github.com/mgatto/cordova-plugin-wkwebview-clearcache.git#1bcffc57d10c80f69db6b5357a7cca23ca9e7032"
    },
    "cordova-plugin-wkwebview-engine": {
      "version": "1.2.1",
      "resolved": "https://registry.npmjs.org/cordova-plugin-wkwebview-engine/-/cordova-plugin-wkwebview-engine-1.2.1.tgz",
      "integrity": "sha512-usp6pu+tJ1y0btVAXOjE5+tMjbvTY6hsiLfHJPMdyzkgHvxoNSePZ/NavTGj4CBJJlUjnMsN3TUq25+SeTZCow=="
    },
    "cordova-plugin-wkwebview-inject-cookie": {
      "version": "1.0.6",
      "resolved": "https://registry.npmjs.org/cordova-plugin-wkwebview-inject-cookie/-/cordova-plugin-wkwebview-inject-cookie-1.0.6.tgz",
      "integrity": "sha512-F6VW3h/oX9ARkH4q3ARSjrA1mcAbJ/I6su4F+5snJt7b8/4CHptnciGdOF1OY36rxUSHtJiVDYdVHIs8vc2w/A=="
    },
    "cordova-plugin-wkwebviewxhrfix": {
      "version": "0.1.0",
      "resolved": "https://registry.npmjs.org/cordova-plugin-wkwebviewxhrfix/-/cordova-plugin-wkwebviewxhrfix-0.1.0.tgz",
      "integrity": "sha512-G8k6haZIrxQ01ixbpFNUYzw1sumqhlyS0FRVmbQyb33XD9uRNoDE8a8hvzDnZgYTZRVnsmjRhlxHgEYSERK27A=="
    },
    "cordova-plugin-x-socialsharing": {
      "version": "6.0.2",
      "resolved": "https://registry.npmjs.org/cordova-plugin-x-socialsharing/-/cordova-plugin-x-socialsharing-6.0.2.tgz",
      "integrity": "sha512-iS+JeymmkFtyPBTlH6hymDeB2VTUTjNk8hF8mrPEXduOqYQSjBpHePZ9x83Dq9drKUSqA7gBzgnebp2JGld2TQ=="
    },
    "fs.realpath": {
      "version": "1.0.0",
      "resolved": "https://registry.npmjs.org/fs.realpath/-/fs.realpath-1.0.0.tgz",
      "integrity": "sha1-FQStJSMVjKpA20onh8sBQRmU6k8=",
      "dev": true
    },
    "glob": {
      "version": "7.1.6",
      "resolved": "https://registry.npmjs.org/glob/-/glob-7.1.6.tgz",
      "integrity": "sha512-LwaxwyZ72Lk7vZINtNNrywX0ZuLyStrdDtabefZKAY5ZGJhVtgdznluResxNmPitE0SAO+O26sWTHeKSI2wMBA==",
      "dev": true,
      "requires": {
        "fs.realpath": "^1.0.0",
        "inflight": "^1.0.4",
        "inherits": "2",
        "minimatch": "^3.0.4",
        "once": "^1.3.0",
        "path-is-absolute": "^1.0.0"
      }
    },
    "inflight": {
      "version": "1.0.6",
      "resolved": "https://registry.npmjs.org/inflight/-/inflight-1.0.6.tgz",
      "integrity": "sha1-Sb1jMdfQLQwJvJEKEHW6gWW1bfk=",
      "dev": true,
      "requires": {
        "once": "^1.3.0",
        "wrappy": "1"
      }
    },
    "inherits": {
      "version": "2.0.4",
      "resolved": "https://registry.npmjs.org/inherits/-/inherits-2.0.4.tgz",
      "integrity": "sha512-k/vGaX4/Yla3WzyMCvTQOXYeIHvqOKtnqBduzTHpzpQZzAskKMhZ2K+EnBiSM9zGSoIFeMpXKxa4dYeZIQqewQ==",
      "dev": true
    },
    "interpret": {
      "version": "1.4.0",
      "resolved": "https://registry.npmjs.org/interpret/-/interpret-1.4.0.tgz",
      "integrity": "sha512-agE4QfB2Lkp9uICn7BAqoscw4SZP9kTE2hxiFI3jBPmXJfdqiahTbUuKGsMoN2GtqL9AxhYioAcVvgsb1HvRbA==",
      "dev": true
    },
    "minimatch": {
      "version": "3.0.4",
      "resolved": "https://registry.npmjs.org/minimatch/-/minimatch-3.0.4.tgz",
      "integrity": "sha512-yJHVQEhyqPLUTgt9B83PXu6W3rx4MvvHvSUvToogpwoGDOUQ+yDrR0HRot+yOCdCO7u4hX3pWft6kWBBcqh0UA==",
      "requires": {
        "brace-expansion": "^1.1.7"
      }
    },
    "nopt": {
      "version": "4.0.3",
      "resolved": "https://registry.npmjs.org/nopt/-/nopt-4.0.3.tgz",
      "integrity": "sha512-CvaGwVMztSMJLOeXPrez7fyfObdZqNUK1cPAEzLHrTybIua9pMdmmPR5YwtfNftIOMv3DPUhFaxsZMNTQO20Kg==",
      "dev": true,
      "requires": {
        "abbrev": "1",
        "osenv": "^0.1.4"
      }
    },
    "once": {
      "version": "1.4.0",
      "resolved": "https://registry.npmjs.org/once/-/once-1.4.0.tgz",
      "integrity": "sha1-WDsap3WWHUsROsF9nFC6753Xa9E=",
      "dev": true,
      "requires": {
        "wrappy": "1"
      }
    },
    "os-homedir": {
      "version": "1.0.2",
      "resolved": "https://registry.npmjs.org/os-homedir/-/os-homedir-1.0.2.tgz",
      "integrity": "sha1-/7xJiDNuDoM94MFox+8VISGqf7M=",
      "dev": true
    },
    "os-tmpdir": {
      "version": "1.0.2",
      "resolved": "https://registry.npmjs.org/os-tmpdir/-/os-tmpdir-1.0.2.tgz",
      "integrity": "sha1-u+Z0BseaqFxc/sdm/lc0VV36EnQ=",
      "dev": true
    },
    "osenv": {
      "version": "0.1.5",
      "resolved": "https://registry.npmjs.org/osenv/-/osenv-0.1.5.tgz",
      "integrity": "sha512-0CWcCECdMVc2Rw3U5w9ZjqX6ga6ubk1xDVKxtBQPK7wis/0F2r9T6k4ydGYhecl7YUBxBVxhL5oisPsNxAPe2g==",
      "dev": true,
      "requires": {
        "os-homedir": "^1.0.0",
        "os-tmpdir": "^1.0.0"
      }
    },
    "path-is-absolute": {
      "version": "1.0.1",
      "resolved": "https://registry.npmjs.org/path-is-absolute/-/path-is-absolute-1.0.1.tgz",
      "integrity": "sha1-F0uSaHNVNP+8es5r9TpanhtcX18=",
      "dev": true
    },
    "path-parse": {
      "version": "1.0.6",
      "resolved": "https://registry.npmjs.org/path-parse/-/path-parse-1.0.6.tgz",
      "integrity": "sha512-GSmOT2EbHrINBf9SR7CDELwlJ8AENk3Qn7OikK4nFYAu3Ote2+JYNVvkpAEQm3/TLNEJFD/xZJjzyxg3KBWOzw==",
      "dev": true
    },
    "performance-now": {
      "version": "2.1.0",
      "resolved": "https://registry.npmjs.org/performance-now/-/performance-now-2.1.0.tgz",
      "integrity": "sha1-Ywn04OX6kT7BxpMHrjZLSzd8nns="
    },
    "phonegap-nfc": {
      "version": "1.2.0",
      "resolved": "https://registry.npmjs.org/phonegap-nfc/-/phonegap-nfc-1.2.0.tgz",
      "integrity": "sha512-RknLWWEqHv4VxMT6YPsOccgGvtzXhvEpvo+8+/zRYQCmw6QBwdUkPmYPPMCmeFQRcZJuqUI23kqxHGcub0Otag=="
    },
    "phonegap-plugin-barcodescanner": {
      "version": "8.1.0",
      "resolved": "https://registry.npmjs.org/phonegap-plugin-barcodescanner/-/phonegap-plugin-barcodescanner-8.1.0.tgz",
      "integrity": "sha512-WQCDCoH9EQ9WEn2bce+B95jbNJduilAn2Vtske8KfcYAeGu7bdFqRD7zGCLCQao62VwoEwlX0cUvbQ/am12Jwg==",
      "dev": true,
      "requires": {
        "nopt": "^4.0.1",
        "shelljs": "^0.8.3"
      },
      "dependencies": {
        "shelljs": {
          "version": "0.8.4",
          "resolved": "https://registry.npmjs.org/shelljs/-/shelljs-0.8.4.tgz",
          "integrity": "sha512-7gk3UZ9kOfPLIAbslLzyWeGiEqx9e3rxwZM0KE6EL8GlGwjym9Mrlx5/p33bWTu9YG6vcS4MBxYZDHYr5lr8BQ==",
          "dev": true,
          "requires": {
            "glob": "^7.0.0",
            "interpret": "^1.0.0",
            "rechoir": "^0.6.2"
          }
        }
      }
    },
    "phonegap-plugin-contentsync": {
      "version": "1.4.2",
      "resolved": "https://registry.npmjs.org/phonegap-plugin-contentsync/-/phonegap-plugin-contentsync-1.4.2.tgz",
      "integrity": "sha1-dXZeEkjnjUDgDZxS5Xzwr+mOasQ=",
      "dev": true
    },
    "phonegap-plugin-mobile-accessibility": {
      "version": "1.0.5",
      "resolved": "https://registry.npmjs.org/phonegap-plugin-mobile-accessibility/-/phonegap-plugin-mobile-accessibility-1.0.5.tgz",
      "integrity": "sha1-lah1TRJ1CLxuGuJZpTznZYNurAM=",
      "dev": true
    },
    "q": {
      "version": "1.5.1",
      "resolved": "https://registry.npmjs.org/q/-/q-1.5.1.tgz",
      "integrity": "sha1-fjL3W0E4EpHQRhHxvxQQmsAGUdc="
    },
    "rechoir": {
      "version": "0.6.2",
      "resolved": "https://registry.npmjs.org/rechoir/-/rechoir-0.6.2.tgz",
      "integrity": "sha1-hSBLVNuoLVdC4oyWdW70OvUOM4Q=",
      "dev": true,
      "requires": {
        "resolve": "^1.1.6"
      }
    },
    "recursive-readdir": {
      "version": "2.2.2",
      "resolved": "https://registry.npmjs.org/recursive-readdir/-/recursive-readdir-2.2.2.tgz",
      "integrity": "sha512-nRCcW9Sj7NuZwa2XvH9co8NPeXUBhZP7CRKJtU+cS6PW9FpCIFoI5ib0NT1ZrbNuPoRy0ylyCaUL8Gih4LSyFg==",
      "requires": {
        "minimatch": "3.0.4"
      }
    },
    "resolve": {
      "version": "1.17.0",
      "resolved": "https://registry.npmjs.org/resolve/-/resolve-1.17.0.tgz",
      "integrity": "sha512-ic+7JYiV8Vi2yzQGFWOkiZD5Z9z7O2Zhm9XMaTxdJExKasieFCr+yXZ/WmXsckHiKl12ar0y6XiXDx3m4RHn1w==",
      "dev": true,
      "requires": {
        "path-parse": "^1.0.6"
      }
    },
    "typescript": {
      "version": "4.0.2",
      "resolved": "https://registry.npmjs.org/typescript/-/typescript-4.0.2.tgz",
      "integrity": "sha512-e4ERvRV2wb+rRZ/IQeb3jm2VxBsirQLpQhdxplZ2MEzGvDkkMmPglecnNDfSUBivMjP93vRbngYYDQqQ/78bcQ=="
    },
    "wrappy": {
      "version": "1.0.2",
      "resolved": "https://registry.npmjs.org/wrappy/-/wrappy-1.0.2.tgz",
      "integrity": "sha1-tSQ9jz7BqjXxNkYFvA0QNuMKtp8=",
      "dev": true
    }
  }
}
